# @generated - this file is auto-generated by `mise lock` https://mise.en.dev/dev-tools/mise-lock.html

[[tools.age]]
version = "1.3.1"
backend = "aqua:FiloSottile/age"

[tools.age."platforms.linux-arm64"]
checksum = "sha256:c6878a324421b69e3e20b00ba17c04bc5c6dab0030cfe55bf8f68fa8d9e9093a"
url = "https://github.com/FiloSottile/age/releases/download/v1.3.1/age-v1.3.1-linux-arm64.tar.gz"
url_api = "https://api.github.com/repos/FiloSottile/age/releases/assets/333752668"
provenance = "github-attestations"

[tools.age."platforms.linux-x64"]
checksum = "sha256:bdc69c09cbdd6cf8b1f333d372a1f58247b3a33146406333e30c0f26e8f51377"
url = "https://github.com/FiloSottile/age/releases/download/v1.3.1/age-v1.3.1-linux-amd64.tar.gz"
url_api = "https://api.github.com/repos/FiloSottile/age/releases/assets/333752671"
provenance = "github-attestations"

[tools.age."platforms.macos-arm64"]
checksum = "sha256:01120ea2cbf0463d4c6bd767f99f3271bbed1cdc8a9aa718a76ba1fe4f01998b"
url = "https://github.com/FiloSottile/age/releases/download/v1.3.1/age-v1.3.1-darwin-arm64.tar.gz"
url_api = "https://api.github.com/repos/FiloSottile/age/releases/assets/333752669"
provenance = "github-attestations"

[tools.age."platforms.macos-x64"]
checksum = "sha256:2b233301ad21ab7b1eabd9ae1198a164005fa4928fcdd745d47c39f8593209d7"
url = "https://github.com/FiloSottile/age/releases/download/v1.3.1/age-v1.3.1-darwin-amd64.tar.gz"
url_api = "https://api.github.com/repos/FiloSottile/age/releases/assets/343881260"
provenance = "github-attestations"

[tools.age."platforms.windows-x64"]
checksum = "sha256:c56e8ce22f7e80cb85ad946cc82d198767b056366201d3e1a2b93d865be38154"
url = "https://github.com/FiloSottile/age/releases/download/v1.3.1/age-v1.3.1-windows-amd64.zip"
url_api = "https://api.github.com/repos/FiloSottile/age/releases/assets/333752673"
provenance = "github-attestations"

[[tools."aqua:neovim/neovim"]]
version = "0.11.5"
backend = "aqua:neovim/neovim"

[tools."aqua:neovim/neovim"."platforms.linux-arm64"]
checksum = "sha256:ea4f9a31b11cc1477ff014aebb7b207684e7280f94ffa97abdab6cacd9b98519"
url = "https://github.com/neovim/neovim/releases/download/v0.11.5/nvim-linux-arm64.tar.gz"
url_api = "https://api.github.com/repos/neovim/neovim/releases/assets/311637681"

[tools."aqua:neovim/neovim"."platforms.linux-x64"]
checksum = "sha256:b2f91117be5b5ea39edd7297156dc2a4a8df4add6c95a90809a8df19e7ab6f52"
url = "https://github.com/neovim/neovim/releases/download/v0.11.5/nvim-linux-x86_64.tar.gz"
url_api = "https://api.github.com/repos/neovim/neovim/releases/assets/311637684"

[tools."aqua:neovim/neovim"."platforms.macos-arm64"]
checksum = "sha256:79143d3b408f7034f90b7cf59af2276de09ef8a4c2f1a28e4c99581b249d3107"
url = "https://github.com/neovim/neovim/releases/download/v0.11.5/nvim-macos-arm64.tar.gz"
url_api = "https://api.github.com/repos/neovim/neovim/releases/assets/311637682"

[tools."aqua:neovim/neovim"."platforms.macos-x64"]
checksum = "sha256:6612760a7037ca2518e456908baf5e43101fa79819d18979fc4d4e8441d9dfa5"
url = "https://github.com/neovim/neovim/releases/download/v0.11.5/nvim-macos-x86_64.tar.gz"
url_api = "https://api.github.com/repos/neovim/neovim/releases/assets/311637683"

[tools."aqua:neovim/neovim"."platforms.windows-x64"]
checksum = "sha256:718e731326e7759cf17bbbb33f38975707a2ac85642614686b818ef5fde38f48"
url = "https://github.com/neovim/neovim/releases/download/v0.11.5/nvim-win64.zip"
url_api = "https://api.github.com/repos/neovim/neovim/releases/assets/311637690"

[[tools.awscli]]
version = "2.36.19"
backend = "aqua:aws/aws-cli"

[tools.awscli."platforms.linux-arm64"]
url = "https://awscli.amazonaws.com/awscli-exe-linux-aarch64-2.36.19.zip"

[tools.awscli."platforms.linux-x64"]
url = "https://awscli.amazonaws.com/awscli-exe-linux-x86_64-2.36.19.zip"

[tools.awscli."platforms.macos-arm64"]
checksum = "blake3:d82363542f95b9a76ce1145e6cba342723d83034035adfd318112c183c6d26b4"
url = "https://awscli.amazonaws.com/AWSCLIV2-2.36.19.pkg"

[tools.awscli."platforms.macos-x64"]
url = "https://awscli.amazonaws.com/AWSCLIV2-2.36.19.pkg"

[[tools.bat]]
version = "0.26.1"
backend = "aqua:sharkdp/bat"

[tools.bat."platforms.linux-arm64"]
checksum = "sha256:6369242c584065f195fb20cb36fbd7cb63ae690605bbe89868a7596b596c2c23"
url = "https://github.com/sharkdp/bat/releases/download/v0.26.1/bat-v0.26.1-aarch64-unknown-linux-musl.tar.gz"

[tools.bat."platforms.linux-x64"]
checksum = "sha256:0dcd8ac79732c0d5b136f11f4ee00e581440e16a44eab5b3105b611bbf2cf191"
url = "https://github.com/sharkdp/bat/releases/download/v0.26.1/bat-v0.26.1-x86_64-unknown-linux-musl.tar.gz"

[tools.bat."platforms.macos-arm64"]
checksum = "sha256:e30beff26779c9bf60bb541e1d79046250cb74378f2757f8eb250afddb19e114"
url = "https://github.com/sharkdp/bat/releases/download/v0.26.1/bat-v0.26.1-aarch64-apple-darwin.tar.gz"

[tools.bat."platforms.macos-x64"]
checksum = "sha256:830d63b0bba1fa040542ec569e3cf77f60d3356b9de75116a344b061e0894245"
url = "https://github.com/sharkdp/bat/releases/download/v0.26.1/bat-v0.26.1-x86_64-apple-darwin.tar.gz"

[tools.bat."platforms.windows-x64"]
checksum = "sha256:0f729b4b6f5f28d395c641eacc2e9ff68d0096b85aa0eec344aa62425144b69b"
url = "https://github.com/sharkdp/bat/releases/download/v0.26.1/bat-v0.26.1-x86_64-pc-windows-msvc.zip"

[[tools."cargo:tree-sitter-cli"]]
version = "0.26.3"
backend = "cargo:tree-sitter-cli"

[[tools.claude]]
version = "2.1.266"
backend = "http:claude"

[tools.claude."platforms.linux-arm64"]
checksum = "sha256:6e44c5d3c97efaa1ee35ab8dd875a907681707e5cc4f6ca0da3d13a917bbcedb"
url = "https://storage.googleapis.com/claude-code-dist-86c565f3-f756-42ad-8dfa-d59b1c096819/claude-code-releases/2.1.266/linux-arm64/claude"

[tools.claude."platforms.linux-x64"]
checksum = "sha256:19842705e989393fce936804df6d2ab034860e24b8f8880357981d87ffd83fac"
url = "https://storage.googleapis.com/claude-code-dist-86c565f3-f756-42ad-8dfa-d59b1c096819/claude-code-releases/2.1.266/linux-x64/claude"

[tools.claude."platforms.macos-arm64"]
checksum = "blake3:97a01236e707f48f382b6fadb3772e0ed0b6e4749d1eb98455d92d343d81296d"
url = "https://storage.googleapis.com/claude-code-dist-86c565f3-f756-42ad-8dfa-d59b1c096819/claude-code-releases/2.1.266/darwin-arm64/claude"

[tools.claude."platforms.macos-x64"]
checksum = "sha256:e8010163be47e29681e768946865130482e82bb47b2c5e7d0f217bacd25b526d"
url = "https://storage.googleapis.com/claude-code-dist-86c565f3-f756-42ad-8dfa-d59b1c096819/claude-code-releases/2.1.266/darwin-x64/claude"

[tools.claude."platforms.windows-x64"]
checksum = "sha256:d2c5f7b3b6a12819097ceb6efbce2a390157166003fcaee32dbde0e6d7b45ef7"
url = "https://storage.googleapis.com/claude-code-dist-86c565f3-f756-42ad-8dfa-d59b1c096819/claude-code-releases/2.1.266/win32-x64/claude.exe"

[[tools.codex]]
version = "0.147.0"
backend = "aqua:openai/codex"

[tools.codex."platforms.linux-arm64"]
checksum = "sha256:89cbf79bd5ae6f9c58da47e8079f311c84219350c9c43c070d42f3e9b2a81401"
url = "https://github.com/openai/codex/releases/download/rust-v0.147.0/codex-package-aarch64-unknown-linux-musl.tar.gz"
url_api = "https://api.github.com/repos/openai/codex/releases/assets/504450495"

[tools.codex."platforms.linux-x64"]
checksum = "sha256:bd758d53d56e41dc65e045f4589df79a038ed197a011adcb52a258e6ad64cfda"
url = "https://github.com/openai/codex/releases/download/rust-v0.147.0/codex-package-x86_64-unknown-linux-musl.tar.gz"
url_api = "https://api.github.com/repos/openai/codex/releases/assets/504450439"

[tools.codex."platforms.macos-arm64"]
checksum = "sha256:17b2984eb22b607e3d0c25728252fc90f510e476bad39a6d9f45cdb1aa685432"
url = "https://github.com/openai/codex/releases/download/rust-v0.147.0/codex-package-aarch64-apple-darwin.tar.gz"
url_api = "https://api.github.com/repos/openai/codex/releases/assets/504450535"

[tools.codex."platforms.macos-x64"]
checksum = "sha256:d91e59133daf923bc45d76e3da4af8ae9ef62a0231da18488da0cd573b6e9d63"
url = "https://github.com/openai/codex/releases/download/rust-v0.147.0/codex-package-x86_64-apple-darwin.tar.gz"
url_api = "https://api.github.com/repos/openai/codex/releases/assets/504450463"

[tools.codex."platforms.windows-x64"]
checksum = "sha256:c156c8feb8cb20197bf74d2c6daffed1fec0a8c21a03bc2ca90d7ff81927b0c5"
url = "https://github.com/openai/codex/releases/download/rust-v0.147.0/codex-package-x86_64-pc-windows-msvc.tar.gz"
url_api = "https://api.github.com/repos/openai/codex/releases/assets/504450421"

[[tools.copilot-cli]]
version = "1.0.83"
backend = "aqua:github/copilot-cli"

[tools.copilot-cli."platforms.linux-arm64"]
checksum = "sha256:213b3a267042dbac3cd8ae22c82f5ea04ff3cabc008108c0f895055d46be4473"
url = "https://github.com/github/copilot-cli/releases/download/v1.0.83/copilot-linux-arm64.tar.gz"
url_api = "https://api.github.com/repos/github/copilot-cli/releases/assets/544538797"

[tools.copilot-cli."platforms.linux-x64"]
checksum = "sha256:ffbe1c429664b8a05efed67ecdb467123e40fcaa3c6c14ef9a98ba74da4687b7"
url = "https://github.com/github/copilot-cli/releases/download/v1.0.83/copilot-linux-x64.tar.gz"
url_api = "https://api.github.com/repos/github/copilot-cli/releases/assets/544539073"

[tools.copilot-cli."platforms.macos-arm64"]
checksum = "sha256:80a5ded6f1db484b4661af676ea914605ecfbcaf49f6b4bed81e6df16cbd56bd"
url = "https://github.com/github/copilot-cli/releases/download/v1.0.83/copilot-darwin-arm64.tar.gz"
url_api = "https://api.github.com/repos/github/copilot-cli/releases/assets/544538801"

[tools.copilot-cli."platforms.macos-x64"]
checksum = "sha256:7e4f7236b0cd5ee474e6ab6d35ea67b8c33d5ec6483498e0fdd0218f458b2d53"
url = "https://github.com/github/copilot-cli/releases/download/v1.0.83/copilot-darwin-x64.tar.gz"
url_api = "https://api.github.com/repos/github/copilot-cli/releases/assets/544538798"

[tools.copilot-cli."platforms.windows-x64"]
checksum = "sha256:0e07221a275fdf7e61619c53566e3a421fd646d74d8e9ca491dbbff221f22945"
url = "https://github.com/github/copilot-cli/releases/download/v1.0.83/copilot-win32-x64.zip"
url_api = "https://api.github.com/repos/github/copilot-cli/releases/assets/544538802"

[[tools.deno]]
version = "2.9.5"
backend = "core:deno"

[tools.deno."platforms.linux-arm64"]
checksum = "sha256:6b7cae3a8fc4385a59dea3146fcb8bad7fea4230e0ad36a8c692afacbc254be0"
url = "https://dl.deno.land/release/v2.9.5/deno-aarch64-unknown-linux-gnu.zip"

[tools.deno."platforms.linux-x64"]
checksum = "sha256:8b010a3b1a4a0188a67cdb8a7a27348b2a501af78aec7fc74f2ace167368d530"
url = "https://dl.deno.land/release/v2.9.5/deno-x86_64-unknown-linux-gnu.zip"

[tools.deno."platforms.macos-arm64"]
checksum = "sha256:b796aadd131f6930560c1ee040cf0d6f53933fbb987464e9ff46bd7ea4830615"
url = "https://dl.deno.land/release/v2.9.5/deno-aarch64-apple-darwin.zip"

[tools.deno."platforms.macos-x64"]
checksum = "sha256:c1b8b89a81e91b2a8b3f96def3195d08cfe3a105651da7908d53061f7140510d"
url = "https://dl.deno.land/release/v2.9.5/deno-x86_64-apple-darwin.zip"

[tools.deno."platforms.windows-x64"]
checksum = "sha256:171efab55ac6b9881fd53ee4c20f8bf3bb1340ffc618483746909014db12216a"
url = "https://dl.deno.land/release/v2.9.5/deno-x86_64-pc-windows-msvc.zip"

[[tools.difftastic]]
version = "0.67.0"
backend = "aqua:Wilfred/difftastic"

[tools.difftastic."platforms.linux-arm64"]
checksum = "sha256:e36f746fbf5d37c68c1d760878fdb77778066c6a646253bb8d9ae7d3fe84c81b"
url = "https://github.com/Wilfred/difftastic/releases/download/0.67.0/difft-aarch64-unknown-linux-gnu.tar.gz"

[tools.difftastic."platforms.linux-x64"]
checksum = "sha256:328e1ab028a36b81ae990c9fc40a1c8eb618e14559e0d67a0a63f328ad85de09"
url = "https://github.com/Wilfred/difftastic/releases/download/0.67.0/difft-x86_64-unknown-linux-musl.tar.gz"

[tools.difftastic."platforms.macos-arm64"]
checksum = "sha256:cdb1d74f2b0f37df3bce7a9ac09d8ecd0d2d94530627516ff9b12f25d187a555"
url = "https://github.com/Wilfred/difftastic/releases/download/0.67.0/difft-aarch64-apple-darwin.tar.gz"

[tools.difftastic."platforms.macos-x64"]
checksum = "sha256:83cc28d781f11b7fc2723b73ded623cf97a70a0849dff1efa39d1864adfdac54"
url = "https://github.com/Wilfred/difftastic/releases/download/0.67.0/difft-x86_64-apple-darwin.tar.gz"

[tools.difftastic."platforms.windows-x64"]
checksum = "sha256:5fd7aa37ce90f838fb91f6e4b2765ac9cad0a7e9d1dccc5b19529fd6b4cbf8b4"
url = "https://github.com/Wilfred/difftastic/releases/download/0.67.0/difft-x86_64-pc-windows-msvc.zip"

[[tools.dotnet]]
version = "9.0.316"
backend = "vfox:dotnet"

[tools.dotnet."platforms.linux-arm64"]
url = "https://dot.net/v1/dotnet-install.sh"

[tools.dotnet."platforms.linux-x64"]
url = "https://dot.net/v1/dotnet-install.sh"

[tools.dotnet."platforms.macos-arm64"]
url = "https://dot.net/v1/dotnet-install.sh"

[tools.dotnet."platforms.macos-x64"]
url = "https://dot.net/v1/dotnet-install.sh"

[tools.dotnet."platforms.windows-x64"]
url = "https://dot.net/v1/dotnet-install.ps1"

[[tools.elixir]]
version = "1.19.4-otp-28"
backend = "core:elixir"

[tools.elixir."platforms.linux-arm64"]
checksum = "sha256:8fd7b5705b756c0e1ec71f9e8281b4b75801b9564f0205b5035319e8505ad2b4"
url = "https://builds.hex.pm/builds/elixir/v1.19.4-otp-28.zip"

[tools.elixir."platforms.linux-x64"]
checksum = "sha256:8fd7b5705b756c0e1ec71f9e8281b4b75801b9564f0205b5035319e8505ad2b4"
url = "https://builds.hex.pm/builds/elixir/v1.19.4-otp-28.zip"

[tools.elixir."platforms.macos-arm64"]
checksum = "sha256:8fd7b5705b756c0e1ec71f9e8281b4b75801b9564f0205b5035319e8505ad2b4"
url = "https://builds.hex.pm/builds/elixir/v1.19.4-otp-28.zip"

[tools.elixir."platforms.macos-x64"]
checksum = "sha256:8fd7b5705b756c0e1ec71f9e8281b4b75801b9564f0205b5035319e8505ad2b4"
url = "https://builds.hex.pm/builds/elixir/v1.19.4-otp-28.zip"

[tools.elixir."platforms.windows-x64"]
checksum = "sha256:8fd7b5705b756c0e1ec71f9e8281b4b75801b9564f0205b5035319e8505ad2b4"
url = "https://builds.hex.pm/builds/elixir/v1.19.4-otp-28.zip"

[[tools.erlang]]
version = "28.3"
backend = "core:erlang"

[tools.erlang."platforms.macos-arm64"]
checksum = "sha256:eae45dbe4c464d16c24114eeeb074c75a5749007f3b11baa0e8ce5c34c58157f"
url = "https://github.com/erlef/otp_builds/releases/download/OTP-28.3/otp-aarch64-apple-darwin.tar.gz"
url_api = "https://api.github.com/repos/erlef/otp_builds/releases/assets/326886957"

[tools.erlang."platforms.macos-x64"]
checksum = "sha256:cb7bf889b461853958f070276c935e6c86bd9bbbd125dabc9ff3148af4a2a479"
url = "https://github.com/erlef/otp_builds/releases/download/OTP-28.3/otp-x86_64-apple-darwin.tar.gz"
url_api = "https://api.github.com/repos/erlef/otp_builds/releases/assets/366716611"

[tools.erlang."platforms.windows-x64"]
checksum = "sha256:fbaab2cdd99f6d01cb0cc03784ecfd8e3273996dc0ca3c9b7125adc86a4faef6"
url = "https://github.com/erlang/otp/releases/download/OTP-28.3/otp_win64_28.3.zip"
url_api = "https://api.github.com/repos/erlang/otp/releases/assets/326903995"

[[tools.erlang]]
version = "28.3"
backend = "core:erlang"

[tools.erlang.options]
precompiled_os = "ubuntu-24.04"

[tools.erlang."platforms.linux-arm64"]
checksum = "sha256:8d61124bbe1023cebf94dc13a0032141fd1bcc4753e3ad4ab3679a4a56ec190a"
url = "https://builds.hex.pm/builds/otp/arm64/ubuntu-24.04/OTP-28.3.tar.gz"

[tools.erlang."platforms.linux-x64"]
checksum = "sha256:e2511c494d40ed7bd92eaa1eddc8fa11a0828c8a6c1e6b3a55d5e16539455902"
url = "https://builds.hex.pm/builds/otp/amd64/ubuntu-24.04/OTP-28.3.tar.gz"

[[tools.eza]]
version = "0.23.4"
backend = "asdf:eza"

[[tools.fd]]
version = "10.3.0"
backend = "aqua:sharkdp/fd"

[tools.fd."platforms.linux-arm64"]
checksum = "sha256:996b9b1366433b211cb3bbedba91c9dbce2431842144d925428ead0adf32020b"
url = "https://github.com/sharkdp/fd/releases/download/v10.3.0/fd-v10.3.0-aarch64-unknown-linux-musl.tar.gz"

[tools.fd."platforms.linux-x64"]
checksum = "sha256:2b6bfaae8c48f12050813c2ffe1884c61ea26e750d803df9c9114550a314cd14"
url = "https://github.com/sharkdp/fd/releases/download/v10.3.0/fd-v10.3.0-x86_64-unknown-linux-musl.tar.gz"

[tools.fd."platforms.macos-arm64"]
checksum = "sha256:0570263812089120bc2a5d84f9e65cd0c25e4a4d724c80075c357239c74ae904"
url = "https://github.com/sharkdp/fd/releases/download/v10.3.0/fd-v10.3.0-aarch64-apple-darwin.tar.gz"

[tools.fd."platforms.macos-x64"]
checksum = "sha256:50d30f13fe3d5914b14c4fff5abcbd4d0cdab4b855970a6956f4f006c17117a3"
url = "https://github.com/sharkdp/fd/releases/download/v10.3.0/fd-v10.3.0-x86_64-apple-darwin.tar.gz"

[tools.fd."platforms.windows-x64"]
checksum = "sha256:318aa2a6fa664325933e81fda60d523fff29444129e91ebf0726b5b3bcd8b059"
url = "https://github.com/sharkdp/fd/releases/download/v10.3.0/fd-v10.3.0-x86_64-pc-windows-msvc.zip"

[[tools.ffmpeg]]
version = "8.0.1"
backend = "asdf:ffmpeg"

[[tools.fzf]]
version = "0.67.0"
backend = "aqua:junegunn/fzf"

[tools.fzf."platforms.linux-arm64"]
checksum = "sha256:7071f48c2ac0f2bc992d6d33cc36fd675a579a98cc976dda699eea07dd5e9c58"
url = "https://github.com/junegunn/fzf/releases/download/v0.67.0/fzf-0.67.0-linux_arm64.tar.gz"

[tools.fzf."platforms.linux-x64"]
checksum = "sha256:4be08018ca37b32518c608741933ea335a406de3558242b60619e98f25be2be1"
url = "https://github.com/junegunn/fzf/releases/download/v0.67.0/fzf-0.67.0-linux_amd64.tar.gz"

[tools.fzf."platforms.macos-arm64"]
checksum = "sha256:b7f34c964d8e52c471c933cef8ec43dc71997c266cafafd1b013bed10fc229a1"
url = "https://github.com/junegunn/fzf/releases/download/v0.67.0/fzf-0.67.0-darwin_arm64.tar.gz"

[tools.fzf."platforms.macos-x64"]
checksum = "sha256:88dc853e0914793a2e7be0d1acfe6c922d9ccad08e3302df092399775b0279ff"
url = "https://github.com/junegunn/fzf/releases/download/v0.67.0/fzf-0.67.0-darwin_amd64.tar.gz"

[tools.fzf."platforms.windows-x64"]
checksum = "sha256:cad95326ed416d14226a03425513b049f5bc9a41f30a355e5fe204a29e666867"
url = "https://github.com/junegunn/fzf/releases/download/v0.67.0/fzf-0.67.0-windows_amd64.zip"

[[tools.gcloud]]
version = "543.0.0"
backend = "vfox:mise-plugins/vfox-gcloud"

[tools.gcloud."platforms.linux-arm64"]
url = "https://storage.googleapis.com/cloud-sdk-release/google-cloud-sdk-543.0.0-linux-arm.tar.gz"

[tools.gcloud."platforms.linux-x64"]
url = "https://storage.googleapis.com/cloud-sdk-release/google-cloud-sdk-543.0.0-linux-x86_64.tar.gz"

[tools.gcloud."platforms.macos-arm64"]
url = "https://storage.googleapis.com/cloud-sdk-release/google-cloud-sdk-543.0.0-darwin-arm.tar.gz"

[tools.gcloud."platforms.macos-x64"]
url = "https://storage.googleapis.com/cloud-sdk-release/google-cloud-sdk-543.0.0-darwin-x86_64.tar.gz"

[tools.gcloud."platforms.windows-x64"]
url = "https://storage.googleapis.com/cloud-sdk-release/google-cloud-sdk-543.0.0-windows-x86_64-bundled-python.zip"

[[tools.gh]]
version = "2.100.0"
backend = "aqua:cli/cli"

[tools.gh."platforms.linux-arm64"]
checksum = "sha256:ea4e7a581a32ccad6cc7923cb1576ac5859ba4b9a16ab22eb8f8a96e78e2e961"
url = "https://github.com/cli/cli/releases/download/v2.100.0/gh_2.100.0_linux_arm64.tar.gz"
url_api = "https://api.github.com/repos/cli/cli/releases/assets/542974279"
provenance = "github-attestations"

[tools.gh."platforms.linux-x64"]
checksum = "sha256:e4d4bb4498e8d007abe545b6568926793ace1b6447da598294a610018cb164be"
url = "https://github.com/cli/cli/releases/download/v2.100.0/gh_2.100.0_linux_amd64.tar.gz"
url_api = "https://api.github.com/repos/cli/cli/releases/assets/542974264"
provenance = "github-attestations"

[tools.gh."platforms.macos-arm64"]
checksum = "sha256:45f9a62da2f6e641a7fad57e2ce39656dfd7ef331372d80a2a2aed65abb01642"
url = "https://github.com/cli/cli/releases/download/v2.100.0/gh_2.100.0_macOS_arm64.zip"
url_api = "https://api.github.com/repos/cli/cli/releases/assets/542974295"
provenance = "github-attestations"

[tools.gh."platforms.macos-x64"]
checksum = "sha256:fcd7799e85eb575f3c7d2b1679bfbfedaefa1269d4bc7d096b51e10939b4812b"
url = "https://github.com/cli/cli/releases/download/v2.100.0/gh_2.100.0_macOS_amd64.zip"
url_api = "https://api.github.com/repos/cli/cli/releases/assets/542974293"
provenance = "github-attestations"

[tools.gh."platforms.windows-x64"]
checksum = "sha256:227e35230b25db3fa1b997bab7cf4d67df0470a3b75b99e4ee66bce1a7cd4e72"
url = "https://github.com/cli/cli/releases/download/v2.100.0/gh_2.100.0_windows_amd64.zip"
url_api = "https://api.github.com/repos/cli/cli/releases/assets/542974322"
provenance = "github-attestations"

[[tools.github-cli]]
version = "2.100.0"
backend = "aqua:cli/cli"

[tools.github-cli."platforms.linux-arm64"]
checksum = "sha256:ea4e7a581a32ccad6cc7923cb1576ac5859ba4b9a16ab22eb8f8a96e78e2e961"
url = "https://github.com/cli/cli/releases/download/v2.100.0/gh_2.100.0_linux_arm64.tar.gz"
url_api = "https://api.github.com/repos/cli/cli/releases/assets/542974279"
provenance = "github-attestations"

[tools.github-cli."platforms.linux-x64"]
checksum = "sha256:e4d4bb4498e8d007abe545b6568926793ace1b6447da598294a610018cb164be"
url = "https://github.com/cli/cli/releases/download/v2.100.0/gh_2.100.0_linux_amd64.tar.gz"
url_api = "https://api.github.com/repos/cli/cli/releases/assets/542974264"
provenance = "github-attestations"

[tools.github-cli."platforms.macos-arm64"]
checksum = "sha256:45f9a62da2f6e641a7fad57e2ce39656dfd7ef331372d80a2a2aed65abb01642"
url = "https://github.com/cli/cli/releases/download/v2.100.0/gh_2.100.0_macOS_arm64.zip"
url_api = "https://api.github.com/repos/cli/cli/releases/assets/542974295"
provenance = "github-attestations"

[tools.github-cli."platforms.macos-x64"]
checksum = "sha256:fcd7799e85eb575f3c7d2b1679bfbfedaefa1269d4bc7d096b51e10939b4812b"
url = "https://github.com/cli/cli/releases/download/v2.100.0/gh_2.100.0_macOS_amd64.zip"
url_api = "https://api.github.com/repos/cli/cli/releases/assets/542974293"
provenance = "github-attestations"

[tools.github-cli."platforms.windows-x64"]
checksum = "sha256:227e35230b25db3fa1b997bab7cf4d67df0470a3b75b99e4ee66bce1a7cd4e72"
url = "https://github.com/cli/cli/releases/download/v2.100.0/gh_2.100.0_windows_amd64.zip"
url_api = "https://api.github.com/repos/cli/cli/releases/assets/542974322"
provenance = "github-attestations"

[[tools."github:1612elphi/delphitools-cli"]]
version = "0.2.0"
backend = "github:1612elphi/delphitools-cli"

[tools."github:1612elphi/delphitools-cli"."platforms.linux-arm64"]
checksum = "sha256:ca4168beba276b871cc97d361050f2266cca7d45ce73c8dd16c7badc0e0910e0"
url = "https://github.com/1612elphi/delphitools-cli/releases/download/v0.2.0/delphitools-cli-aarch64-unknown-linux-gnu.tar.xz"
url_api = "https://api.github.com/repos/1612elphi/delphitools-cli/releases/assets/434693229"

[tools."github:1612elphi/delphitools-cli"."platforms.linux-x64"]
checksum = "sha256:261b9daf5951c8aba022b746e495c8b9d39b7d6e18161e829609afdf50ca10b0"
url = "https://github.com/1612elphi/delphitools-cli/releases/download/v0.2.0/delphitools-cli-x86_64-unknown-linux-gnu.tar.xz"
url_api = "https://api.github.com/repos/1612elphi/delphitools-cli/releases/assets/434693237"

[tools."github:1612elphi/delphitools-cli"."platforms.macos-arm64"]
checksum = "sha256:0b464ebf3e6788c6218b213b6198da90bafcaf1de9968b7195df9acf1faa1673"
url = "https://github.com/1612elphi/delphitools-cli/releases/download/v0.2.0/delphitools-cli-aarch64-apple-darwin.tar.xz"
url_api = "https://api.github.com/repos/1612elphi/delphitools-cli/releases/assets/434693232"

[tools."github:1612elphi/delphitools-cli"."platforms.macos-x64"]
checksum = "sha256:251497bd2ae14786fb0a9c8a835e4a25858b76c8f5d72d11ebbb9845db1896ba"
url = "https://github.com/1612elphi/delphitools-cli/releases/download/v0.2.0/delphitools-cli-x86_64-apple-darwin.tar.xz"
url_api = "https://api.github.com/repos/1612elphi/delphitools-cli/releases/assets/434693234"

[tools."github:1612elphi/delphitools-cli"."platforms.windows-x64"]
checksum = "sha256:9a70f0c41d2d0ea80e048c106652629c5edc10165cab7cf76dcd8f6504f9411c"
url = "https://github.com/1612elphi/delphitools-cli/releases/download/v0.2.0/source.tar.gz"
url_api = "https://api.github.com/repos/1612elphi/delphitools-cli/releases/assets/434693249"

[[tools.go]]
version = "1.26.5"
backend = "core:go"

[tools.go."platforms.linux-arm64"]
checksum = "sha256:fe4789e92b1f33358680864bbe8704289e7bb5fc207d80623c308935bd696d49"
url = "https://dl.google.com/go/go1.26.5.linux-arm64.tar.gz"

[tools.go."platforms.linux-x64"]
checksum = "sha256:5c2c3b16caefa1d968a94c1daca04a7ca301a496d9b086e17ad77bb81393f053"
url = "https://dl.google.com/go/go1.26.5.linux-amd64.tar.gz"

[tools.go."platforms.macos-arm64"]
checksum = "sha256:efb87ff28af9a188d0536ef5d42e63dd52ba8263cd7344a993cc48dd11dedb6a"
url = "https://dl.google.com/go/go1.26.5.darwin-arm64.tar.gz"

[tools.go."platforms.macos-x64"]
checksum = "sha256:6231d8d3b8f5552ec6cbf6d685bdd5482e1e703214b120e89b3bf0d7bf1ef725"
url = "https://dl.google.com/go/go1.26.5.darwin-amd64.tar.gz"

[tools.go."platforms.windows-x64"]
checksum = "sha256:97e6b2a833b6d89f9ff17d25419ac0a7e3b482a044e9ab18cdef834bd834fd38"
url = "https://dl.google.com/go/go1.26.5.windows-amd64.zip"

[[tools.herdr]]
version = "0.7.5"
backend = "aqua:ogulcancelik/herdr"

[tools.herdr."platforms.linux-arm64"]
checksum = "sha256:32e763a1499a6b694b1d708e4f062b743be1da9f34fcfa4d212d6db6fe09a8b9"
url = "https://github.com/ogulcancelik/herdr/releases/download/v0.7.5/herdr-linux-aarch64"
url_api = "https://api.github.com/repos/ogulcancelik/herdr/releases/assets/484992543"

[tools.herdr."platforms.linux-x64"]
checksum = "sha256:3dc83288073e4c2d3c679a30e7be97bcca9141c6fd17dbbb9219142e95c59253"
url = "https://github.com/ogulcancelik/herdr/releases/download/v0.7.5/herdr-linux-x86_64"
url_api = "https://api.github.com/repos/ogulcancelik/herdr/releases/assets/484992544"

[tools.herdr."platforms.macos-arm64"]
checksum = "sha256:37350546b0012555943b92eaf962665de4e264395baeb44227b8015e8ff5b0d6"
url = "https://github.com/ogulcancelik/herdr/releases/download/v0.7.5/herdr-macos-aarch64"
url_api = "https://api.github.com/repos/ogulcancelik/herdr/releases/assets/484992542"

[tools.herdr."platforms.macos-x64"]
checksum = "sha256:3fe50c4a63dc8102306b1322178628ddb3655cd3ae56d784f094153408d69e62"
url = "https://github.com/ogulcancelik/herdr/releases/download/v0.7.5/herdr-macos-x86_64"
url_api = "https://api.github.com/repos/ogulcancelik/herdr/releases/assets/484992541"

[[tools.hyperfine]]
version = "1.20.0"
backend = "aqua:sharkdp/hyperfine"

[tools.hyperfine."platforms.linux-arm64"]
checksum = "sha256:90875cb1db7a1d797c311174d061728361e58fc70e3b62262a00635ac3b1997c"
url = "https://github.com/sharkdp/hyperfine/releases/download/v1.20.0/hyperfine-v1.20.0-aarch64-unknown-linux-gnu.tar.gz"

[tools.hyperfine."platforms.linux-x64"]
checksum = "sha256:3285ec7959285288137043dd81dce0dde056227018a8277532d9a364b4f03c2b"
url = "https://github.com/sharkdp/hyperfine/releases/download/v1.20.0/hyperfine-v1.20.0-x86_64-unknown-linux-musl.tar.gz"

[tools.hyperfine."platforms.macos-arm64"]
checksum = "sha256:f58d0b90993fadfa122a351428c469ce24afef3865f027f0e6e86f0830d088f1"
url = "https://github.com/sharkdp/hyperfine/releases/download/v1.20.0/hyperfine-v1.20.0-x86_64-apple-darwin.tar.gz"

[tools.hyperfine."platforms.macos-x64"]
checksum = "sha256:f58d0b90993fadfa122a351428c469ce24afef3865f027f0e6e86f0830d088f1"
url = "https://github.com/sharkdp/hyperfine/releases/download/v1.20.0/hyperfine-v1.20.0-x86_64-apple-darwin.tar.gz"

[tools.hyperfine."platforms.windows-x64"]
checksum = "sha256:2508c549b049b1d4342d08edc1cb42bfac169082b6e3069431b5bab9822dbb32"
url = "https://github.com/sharkdp/hyperfine/releases/download/v1.20.0/hyperfine-v1.20.0-x86_64-pc-windows-msvc.zip"

[[tools.jj]]
version = "0.36.0"
backend = "aqua:jj-vcs/jj"

[tools.jj."platforms.linux-arm64"]
checksum = "sha256:005506768d7779c77fbad1d9a291473ad60e806f800f86be1de90ded542c426b"
url = "https://github.com/jj-vcs/jj/releases/download/v0.36.0/jj-v0.36.0-aarch64-unknown-linux-musl.tar.gz"

[tools.jj."platforms.linux-x64"]
checksum = "sha256:b9526754d35ee643dd7f91a927d0e5650563e1092ffa599765624a3f212277ab"
url = "https://github.com/jj-vcs/jj/releases/download/v0.36.0/jj-v0.36.0-x86_64-unknown-linux-musl.tar.gz"

[tools.jj."platforms.macos-arm64"]
checksum = "sha256:359e26cd75aaa074f5bfa9bd4e3d565597f68e199e1c92e9551465e3c7530580"
url = "https://github.com/jj-vcs/jj/releases/download/v0.36.0/jj-v0.36.0-aarch64-apple-darwin.tar.gz"

[tools.jj."platforms.macos-x64"]
checksum = "sha256:66ae97523a609e06ebfd76a46bca742a71d497c5c5afffbabbfcbef3fa33bf23"
url = "https://github.com/jj-vcs/jj/releases/download/v0.36.0/jj-v0.36.0-x86_64-apple-darwin.tar.gz"

[tools.jj."platforms.windows-x64"]
checksum = "sha256:f173e51b54617b91de2a61f6e83a43220a91ec5025fa5d002a07668780074f61"
url = "https://github.com/jj-vcs/jj/releases/download/v0.36.0/jj-v0.36.0-x86_64-pc-windows-msvc.zip"

[[tools.jless]]
version = "0.9.0"
backend = "aqua:PaulJuliusMartinez/jless"

[tools.jless."platforms.linux-x64"]
url = "https://github.com/PaulJuliusMartinez/jless/releases/download/v0.9.0/jless-v0.9.0-x86_64-unknown-linux-gnu.zip"
url_api = "https://api.github.com/repos/PaulJuliusMartinez/jless/releases/assets/117306822"

[tools.jless."platforms.macos-arm64"]
checksum = "blake3:78c6a7fcfe887f9041d6943b4853527515039fe5ead9daf046eb0098996cf176"
url = "https://github.com/PaulJuliusMartinez/jless/releases/download/v0.9.0/jless-v0.9.0-aarch64-apple-darwin.zip"
url_api = "https://api.github.com/repos/PaulJuliusMartinez/jless/releases/assets/117306820"

[tools.jless."platforms.macos-x64"]
url = "https://github.com/PaulJuliusMartinez/jless/releases/download/v0.9.0/jless-v0.9.0-x86_64-apple-darwin.zip"
url_api = "https://api.github.com/repos/PaulJuliusMartinez/jless/releases/assets/117306823"

[[tools.jq]]
version = "1.8.2"
backend = "aqua:jqlang/jq"

[tools.jq."platforms.linux-arm64"]
checksum = "sha256:8b85c817833814ddca00a144c33705546355afccf0cf39b188f3cdb48b852309"
url = "https://github.com/jqlang/jq/releases/download/jq-1.8.2/jq-linux-arm64"
provenance = "github-attestations"

[tools.jq."platforms.linux-x64"]
checksum = "sha256:b1c22172dd303f3be49e935aa56aa48a8b7a46e0bc838b4997d3bb451495870f"
url = "https://github.com/jqlang/jq/releases/download/jq-1.8.2/jq-linux-amd64"
provenance = "github-attestations"

[tools.jq."platforms.macos-arm64"]
checksum = "sha256:2d75340ba57a4b4b4c8708a21c2dc8e958a48aaa8bba13b27f77f6e4c0eca07e"
url = "https://github.com/jqlang/jq/releases/download/jq-1.8.2/jq-macos-arm64"
provenance = "github-attestations"

[tools.jq."platforms.macos-x64"]
checksum = "sha256:e94b266e3c26690550006abe63152b782280f4e14374accdf04cbde844f00bc0"
url = "https://github.com/jqlang/jq/releases/download/jq-1.8.2/jq-macos-amd64"
provenance = "github-attestations"

[tools.jq."platforms.windows-x64"]
checksum = "sha256:a6fc67fedaf9128a3309a1e2ebb8b986aeccf70122ee46d2cb4849e423f0c627"
url = "https://github.com/jqlang/jq/releases/download/jq-1.8.2/jq-windows-amd64.exe"
provenance = "github-attestations"

[[tools.lazygit]]
version = "0.58.1"
backend = "aqua:jesseduffield/lazygit"

[tools.lazygit."platforms.linux-arm64"]
checksum = "sha256:c0571542a3df894748afc8820fcd2ac16df0970df2ddb429280dfef47b1f2d1e"
url = "https://github.com/jesseduffield/lazygit/releases/download/v0.58.1/lazygit_0.58.1_linux_arm64.tar.gz"
url_api = "https://api.github.com/repos/jesseduffield/lazygit/releases/assets/339602563"

[tools.lazygit."platforms.linux-x64"]
checksum = "sha256:61b6b839390c193466fb692f75df4e75ef5e9ced2bf5e0ca8b3848902f0adea9"
url = "https://github.com/jesseduffield/lazygit/releases/download/v0.58.1/lazygit_0.58.1_linux_x86_64.tar.gz"
url_api = "https://api.github.com/repos/jesseduffield/lazygit/releases/assets/339602553"

[tools.lazygit."platforms.macos-arm64"]
checksum = "sha256:d93a8a217a51f26d0a643a97bd31e3fabcb2e3a78cdbf1f1e533b9cd8bc881ce"
url = "https://github.com/jesseduffield/lazygit/releases/download/v0.58.1/lazygit_0.58.1_darwin_arm64.tar.gz"

[tools.lazygit."platforms.macos-x64"]
checksum = "sha256:9f824298c8dbb3efaf6bf93a2e3be8a31fd53213bd3e759b7bd49d7bc7f8e3d0"
url = "https://github.com/jesseduffield/lazygit/releases/download/v0.58.1/lazygit_0.58.1_darwin_x86_64.tar.gz"
url_api = "https://api.github.com/repos/jesseduffield/lazygit/releases/assets/339602562"

[tools.lazygit."platforms.windows-x64"]
checksum = "sha256:81f6f925e7eb97b32f89dd9c3597fed245f26fe81c7162a2470d501051f996dd"
url = "https://github.com/jesseduffield/lazygit/releases/download/v0.58.1/lazygit_0.58.1_windows_x86_64.zip"
url_api = "https://api.github.com/repos/jesseduffield/lazygit/releases/assets/339602558"

[[tools.node]]
version = "24.19.0"
backend = "core:node"

[tools.node."platforms.linux-arm64"]
checksum = "sha256:d28c8a5bf0a808f0ed434a1dce8c54ae98f0371c0bd86ac58abc613f73e6643f"
url = "https://nodejs.org/dist/v24.19.0/node-v24.19.0-linux-arm64.tar.gz"

[tools.node."platforms.linux-x64"]
checksum = "sha256:f625d97cd707df4ff96254916fbc5ff014f09c09effe5a1e0ca8f6d41a8789d4"
url = "https://nodejs.org/dist/v24.19.0/node-v24.19.0-linux-x64.tar.gz"

[tools.node."platforms.macos-arm64"]
checksum = "sha256:8294b7aa9b03997481c06babf1e8b270c859358f27da57a11509afe537ac381d"
url = "https://nodejs.org/dist/v24.19.0/node-v24.19.0-darwin-arm64.tar.gz"

[tools.node."platforms.macos-x64"]
checksum = "sha256:d1b5e999db158c62fe8f7267a4476b035d8bd93b1a605bac24a3f0dd166e3316"
url = "https://nodejs.org/dist/v24.19.0/node-v24.19.0-darwin-x64.tar.gz"

[tools.node."platforms.windows-x64"]
checksum = "sha256:57f71ab3652e797d84acddc79c81cc9ff1c6ddb2a1974cdb83f00fee9bff4c73"
url = "https://nodejs.org/dist/v24.19.0/node-v24.19.0-win-x64.zip"

[[tools."npm:polygraph"]]
version = "0.1.1"
backend = "npm:polygraph"

[[tools.opencode]]
version = "1.18.16"
backend = "aqua:anomalyco/opencode"

[tools.opencode."platforms.linux-arm64"]
checksum = "sha256:4fdce5f9bc877d977304d71c0c90ad6e83efa381fe0edf0a61e6142a625e1c41"
url = "https://github.com/anomalyco/opencode/releases/download/v1.18.16/opencode-linux-arm64.tar.gz"
url_api = "https://api.github.com/repos/anomalyco/opencode/releases/assets/507983976"

[tools.opencode."platforms.linux-x64"]
checksum = "sha256:286e07355df06738c1905955be15b7fbc10a7b12d931de9394a6f7597246750b"
url = "https://github.com/anomalyco/opencode/releases/download/v1.18.16/opencode-linux-x64.tar.gz"
url_api = "https://api.github.com/repos/anomalyco/opencode/releases/assets/507983923"

[tools.opencode."platforms.macos-arm64"]
checksum = "sha256:1e670c94341a374824dc6700b6f38b2cb6634baf3ca20e645084c33ce6639320"
url = "https://github.com/anomalyco/opencode/releases/download/v1.18.16/opencode-darwin-arm64.zip"
url_api = "https://api.github.com/repos/anomalyco/opencode/releases/assets/507983834"

[tools.opencode."platforms.macos-x64"]
checksum = "sha256:4cfa1d11e665ffb83b68dbefc4cadee0559d008e7ab40c92d14fc371c8b13595"
url = "https://github.com/anomalyco/opencode/releases/download/v1.18.16/opencode-darwin-x64.zip"
url_api = "https://api.github.com/repos/anomalyco/opencode/releases/assets/507983833"

[tools.opencode."platforms.windows-x64"]
checksum = "sha256:a60bf4d8019982b81dc0c3b91b6e226442cf2b73aca817599b68779ac053e3ff"
url = "https://github.com/anomalyco/opencode/releases/download/v1.18.16/opencode-windows-x64.zip"
url_api = "https://api.github.com/repos/anomalyco/opencode/releases/assets/507988934"

[[tools.pi]]
version = "0.85.1"
backend = "aqua:earendil-works/pi"

[tools.pi."platforms.linux-arm64"]
checksum = "sha256:042d20ae885ee4f3b102815f3280b962c377b2e9fb44de4037908cc530eae4d4"
url = "https://github.com/earendil-works/pi/releases/download/v0.85.1/pi-linux-arm64.tar.gz"
url_api = "https://api.github.com/repos/earendil-works/pi/releases/assets/545797549"

[tools.pi."platforms.linux-x64"]
checksum = "sha256:494e498f47d74d21f40b3386f6a5e921a3d49531a169cab55bbdaca0ea1fe25a"
url = "https://github.com/earendil-works/pi/releases/download/v0.85.1/pi-linux-x64.tar.gz"
url_api = "https://api.github.com/repos/earendil-works/pi/releases/assets/545797547"

[tools.pi."platforms.macos-arm64"]
checksum = "sha256:d5f70e3c0cf7398eac239fd0261ee074d98b7ba7f6b43fe3617f052ed5b79d06"
url = "https://github.com/earendil-works/pi/releases/download/v0.85.1/pi-darwin-arm64.tar.gz"
url_api = "https://api.github.com/repos/earendil-works/pi/releases/assets/545797550"

[tools.pi."platforms.macos-x64"]
checksum = "sha256:adb918b845625f184d8bea408d55eacaf21aa87238793c0f5b4f3b9737bce62b"
url = "https://github.com/earendil-works/pi/releases/download/v0.85.1/pi-darwin-x64.tar.gz"
url_api = "https://api.github.com/repos/earendil-works/pi/releases/assets/545797548"

[tools.pi."platforms.windows-x64"]
checksum = "sha256:002fa95b90d521245b9985d8f168caebc237ad56e7e30b319807dee1b2e17e1c"
url = "https://github.com/earendil-works/pi/releases/download/v0.85.1/pi-windows-x64.zip"
url_api = "https://api.github.com/repos/earendil-works/pi/releases/assets/545797560"

[[tools.resvg]]
version = "0.46.0"
backend = "aqua:linebender/resvg"

[tools.resvg."platforms.linux-x64"]
checksum = "sha256:2b6298b2f48f6595d7af5fc3f91573b27f6b0eb79d57a36118d10f9b1411a985"
url = "https://github.com/linebender/resvg/releases/download/v0.46.0/resvg-linux-x86_64.tar.gz"
url_api = "https://api.github.com/repos/linebender/resvg/releases/assets/339190820"

[tools.resvg."platforms.macos-arm64"]
checksum = "sha256:65784035b922fe4230681bc5e2ccb00b6b0ac36622a0d1b5c22ab75cefa60a91"
url = "https://github.com/linebender/resvg/releases/download/v0.46.0/resvg-macos-x86_64.zip"

[tools.resvg."platforms.macos-x64"]
checksum = "sha256:65784035b922fe4230681bc5e2ccb00b6b0ac36622a0d1b5c22ab75cefa60a91"
url = "https://github.com/linebender/resvg/releases/download/v0.46.0/resvg-macos-x86_64.zip"
url_api = "https://api.github.com/repos/linebender/resvg/releases/assets/339190736"

[tools.resvg."platforms.windows-x64"]
checksum = "sha256:a44bfb46462b660fd6e1109eee85fa20ca2b2401fb280fba269045f64617ddd0"
url = "https://github.com/linebender/resvg/releases/download/v0.46.0/resvg-win64.zip"
url_api = "https://api.github.com/repos/linebender/resvg/releases/assets/339191423"

[[tools.ripgrep]]
version = "15.1.0"
backend = "aqua:BurntSushi/ripgrep"

[tools.ripgrep."platforms.linux-arm64"]
checksum = "sha256:2b661c6ef508e902f388e9098d9c4c5aca72c87b55922d94abdba830b4dc885e"
url = "https://github.com/BurntSushi/ripgrep/releases/download/15.1.0/ripgrep-15.1.0-aarch64-unknown-linux-gnu.tar.gz"

[tools.ripgrep."platforms.linux-x64"]
checksum = "sha256:1c9297be4a084eea7ecaedf93eb03d058d6faae29bbc57ecdaf5063921491599"
url = "https://github.com/BurntSushi/ripgrep/releases/download/15.1.0/ripgrep-15.1.0-x86_64-unknown-linux-musl.tar.gz"

[tools.ripgrep."platforms.macos-arm64"]
checksum = "sha256:378e973289176ca0c6054054ee7f631a065874a352bf43f0fa60ef079b6ba715"
url = "https://github.com/BurntSushi/ripgrep/releases/download/15.1.0/ripgrep-15.1.0-aarch64-apple-darwin.tar.gz"

[tools.ripgrep."platforms.macos-x64"]
checksum = "sha256:64811cb24e77cac3057d6c40b63ac9becf9082eedd54ca411b475b755d334882"
url = "https://github.com/BurntSushi/ripgrep/releases/download/15.1.0/ripgrep-15.1.0-x86_64-apple-darwin.tar.gz"

[tools.ripgrep."platforms.windows-x64"]
checksum = "sha256:124510b94b6baa3380d051fdf4650eaa80a302c876d611e9dba0b2e18d87493a"
url = "https://github.com/BurntSushi/ripgrep/releases/download/15.1.0/ripgrep-15.1.0-x86_64-pc-windows-msvc.zip"

[[tools.rust]]
version = "1.90.0"
backend = "core:rust"

[[tools.shellcheck]]
version = "0.11.0"
backend = "aqua:koalaman/shellcheck"

[tools.shellcheck."platforms.linux-arm64"]
checksum = "sha256:12b331c1d2db6b9eb13cfca64306b1b157a86eb69db83023e261eaa7e7c14588"
url = "https://github.com/koalaman/shellcheck/releases/download/v0.11.0/shellcheck-v0.11.0.linux.aarch64.tar.xz"

[tools.shellcheck."platforms.linux-x64"]
checksum = "sha256:8c3be12b05d5c177a04c29e3c78ce89ac86f1595681cab149b65b97c4e227198"
url = "https://github.com/koalaman/shellcheck/releases/download/v0.11.0/shellcheck-v0.11.0.linux.x86_64.tar.xz"

[tools.shellcheck."platforms.macos-arm64"]
checksum = "sha256:56affdd8de5527894dca6dc3d7e0a99a873b0f004d7aabc30ae407d3f48b0a79"
url = "https://github.com/koalaman/shellcheck/releases/download/v0.11.0/shellcheck-v0.11.0.darwin.aarch64.tar.xz"

[tools.shellcheck."platforms.macos-x64"]
checksum = "sha256:3c89db4edcab7cf1c27bff178882e0f6f27f7afdf54e859fa041fca10febe4c6"
url = "https://github.com/koalaman/shellcheck/releases/download/v0.11.0/shellcheck-v0.11.0.darwin.x86_64.tar.xz"

[tools.shellcheck."platforms.windows-x64"]
checksum = "sha256:8a4e35ab0b331c85d73567b12f2a444df187f483e5079ceffa6bda1faa2e740e"
url = "https://github.com/koalaman/shellcheck/releases/download/v0.11.0/shellcheck-v0.11.0.zip"

[[tools.usage]]
version = "2.15.1"
backend = "aqua:jdx/usage"

[tools.usage."platforms.linux-arm64"]
checksum = "sha256:ed29b55da771ff17e80c3ab55956da4bcd878163b870810444b4fd359636fe18"
url = "https://github.com/jdx/usage/releases/download/v2.15.1/usage-aarch64-unknown-linux-musl.tar.gz"
url_api = "https://api.github.com/repos/jdx/usage/releases/assets/347202145"

[tools.usage."platforms.linux-x64"]
checksum = "sha256:8b2c0ba6dd2b8af81d464bcdf5101ed75a841d56df9d1cae3b3e01c753c794d5"
url = "https://github.com/jdx/usage/releases/download/v2.15.1/usage-x86_64-unknown-linux-musl.tar.gz"
url_api = "https://api.github.com/repos/jdx/usage/releases/assets/347202102"

[tools.usage."platforms.macos-arm64"]
checksum = "sha256:5a5f5acf65c1c31fec45b12a084c96bfe1ffca66d0b5a8aefbbb83137a413da3"
url = "https://github.com/jdx/usage/releases/download/v2.15.1/usage-universal-apple-darwin.tar.gz"

[tools.usage."platforms.macos-x64"]
checksum = "sha256:5a5f5acf65c1c31fec45b12a084c96bfe1ffca66d0b5a8aefbbb83137a413da3"
url = "https://github.com/jdx/usage/releases/download/v2.15.1/usage-universal-apple-darwin.tar.gz"
url_api = "https://api.github.com/repos/jdx/usage/releases/assets/347203129"

[[tools.uv]]
version = "0.9.30"
backend = "aqua:astral-sh/uv"

[tools.uv."platforms.linux-arm64"]
checksum = "sha256:b658b56957bceea742ca14f3ef28fb3542adbcedfb8bd5bd718ae255394ccd09"
url = "https://github.com/astral-sh/uv/releases/download/0.9.30/uv-aarch64-unknown-linux-musl.tar.gz"
url_api = "https://api.github.com/repos/astral-sh/uv/releases/assets/350792451"
provenance = "github-attestations"

[tools.uv."platforms.linux-x64"]
checksum = "sha256:1caf8fe092e2005dd4c134ba515c1aa3eea3d3c143f8a1903bcb58fcdf169365"
url = "https://github.com/astral-sh/uv/releases/download/0.9.30/uv-x86_64-unknown-linux-musl.tar.gz"
url_api = "https://api.github.com/repos/astral-sh/uv/releases/assets/350792501"
provenance = "github-attestations"

[tools.uv."platforms.macos-arm64"]
checksum = "sha256:03a5d9ec7f7d588446b2ec226d13ff6300055e55365eca8f3fab39f342b0e805"
url = "https://github.com/astral-sh/uv/releases/download/0.9.30/uv-aarch64-apple-darwin.tar.gz"

[tools.uv."platforms.macos-x64"]
checksum = "sha256:ce069bf750567e9a4a31d6e285d1eae75d444d8a281409b641235903943b7681"
url = "https://github.com/astral-sh/uv/releases/download/0.9.30/uv-x86_64-apple-darwin.tar.gz"
url_api = "https://api.github.com/repos/astral-sh/uv/releases/assets/350792488"
provenance = "github-attestations"

[tools.uv."platforms.windows-x64"]
checksum = "sha256:875981be7908295937dee09532bb66d576986d4f223259e171b0c767c885897a"
url = "https://github.com/astral-sh/uv/releases/download/0.9.30/uv-x86_64-pc-windows-msvc.zip"
url_api = "https://api.github.com/repos/astral-sh/uv/releases/assets/350792491"
provenance = "github-attestations"

[[tools.yazi]]
version = "26.5.6"
backend = "aqua:sxyazi/yazi"

[tools.yazi."platforms.linux-arm64"]
checksum = "sha256:dff4a6774069bdde616c3cd145275b462a5887229cd9bf6341e78063da37e84f"
url = "https://github.com/sxyazi/yazi/releases/download/v26.5.6/yazi-aarch64-unknown-linux-musl.zip"

[tools.yazi."platforms.linux-x64"]
checksum = "sha256:1031a02560d053301537195a6661d227c15cb4ce5c30481050b31e2b88681bff"
url = "https://github.com/sxyazi/yazi/releases/download/v26.5.6/yazi-x86_64-unknown-linux-musl.zip"

[tools.yazi."platforms.macos-arm64"]
checksum = "sha256:7abd71725e2fe27bed036becbf6ce79fa17964eb68491d34190011c94b8c7ca8"
url = "https://github.com/sxyazi/yazi/releases/download/v26.5.6/yazi-aarch64-apple-darwin.zip"

[tools.yazi."platforms.macos-x64"]
checksum = "sha256:6846066f992c1688d8ec77431a3ab53f5ef268019fcef86e5649b8c27010868d"
url = "https://github.com/sxyazi/yazi/releases/download/v26.5.6/yazi-x86_64-apple-darwin.zip"

[tools.yazi."platforms.windows-x64"]
checksum = "sha256:6c6c52a4b2648e179f917bdaa7c57e793d18561b380a8bfa025f10cd1b9b2ad1"
url = "https://github.com/sxyazi/yazi/releases/download/v26.5.6/yazi-x86_64-pc-windows-msvc.zip"

[[tools.zoxide]]
version = "0.9.9"
backend = "aqua:ajeetdsouza/zoxide"

[tools.zoxide."platforms.linux-arm64"]
checksum = "sha256:96e6ea2e47a71db42cb7ad5a36e9209c8cb3708f8ae00f6945573d0d93315cb0"
url = "https://github.com/ajeetdsouza/zoxide/releases/download/v0.9.9/zoxide-0.9.9-aarch64-unknown-linux-musl.tar.gz"
url_api = "https://api.github.com/repos/ajeetdsouza/zoxide/releases/assets/348580828"

[tools.zoxide."platforms.linux-x64"]
checksum = "sha256:4ff057d3c4d957946937274c2b8be7af2a9bbae7f90a1b5e9baaa7cb65a20caa"
url = "https://github.com/ajeetdsouza/zoxide/releases/download/v0.9.9/zoxide-0.9.9-x86_64-unknown-linux-musl.tar.gz"
url_api = "https://api.github.com/repos/ajeetdsouza/zoxide/releases/assets/348580823"

[tools.zoxide."platforms.macos-arm64"]
checksum = "sha256:57e733d0436309dae2ed97e46bba43937209395298e1d88812d4e893900cb40a"
url = "https://github.com/ajeetdsouza/zoxide/releases/download/v0.9.9/zoxide-0.9.9-aarch64-apple-darwin.tar.gz"

[tools.zoxide."platforms.macos-x64"]
checksum = "sha256:364249cff18354397c72ebb6b8f7358404c051c486e0f2f7a46e36c86c16f8c7"
url = "https://github.com/ajeetdsouza/zoxide/releases/download/v0.9.9/zoxide-0.9.9-x86_64-apple-darwin.tar.gz"
url_api = "https://api.github.com/repos/ajeetdsouza/zoxide/releases/assets/348580756"

[tools.zoxide."platforms.windows-x64"]
checksum = "sha256:5af00d0916f05631e3030537289eac56605e7c1733318c4d525c8e847f12496d"
url = "https://github.com/ajeetdsouza/zoxide/releases/download/v0.9.9/zoxide-0.9.9-x86_64-pc-windows-msvc.zip"
url_api = "https://api.github.com/repos/ajeetdsouza/zoxide/releases/assets/348580868"
