# @generated - this file is auto-generated by `mise lock` https://mise.en.dev/dev-tools/mise-lock.html

[[tools.age]]
version = "1.3.1"
backend = "aqua:FiloSottile/age"

[tools.age."platforms.linux-arm64"]
checksum = "sha256:c6878a324421b69e3e20b00ba17c04bc5c6dab0030cfe55bf8f68fa8d9e9093a"
url = "https://github.com/FiloSottile/age/releases/download/v1.3.1/age-v1.3.1-linux-arm64.tar.gz"
url_api = "https://api.github.com/repos/FiloSottile/age/releases/assets/333752668"
provenance = "github-attestations"

[tools.age."platforms.linux-x64"]
checksum = "sha256:bdc69c09cbdd6cf8b1f333d372a1f58247b3a33146406333e30c0f26e8f51377"
url = "https://github.com/FiloSottile/age/releases/download/v1.3.1/age-v1.3.1-linux-amd64.tar.gz"
url_api = "https://api.github.com/repos/FiloSottile/age/releases/assets/333752671"
provenance = "github-attestations"

[tools.age."platforms.macos-arm64"]
checksum = "sha256:01120ea2cbf0463d4c6bd767f99f3271bbed1cdc8a9aa718a76ba1fe4f01998b"
url = "https://github.com/FiloSottile/age/releases/download/v1.3.1/age-v1.3.1-darwin-arm64.tar.gz"
url_api = "https://api.github.com/repos/FiloSottile/age/releases/assets/333752669"
provenance = "github-attestations"

[tools.age."platforms.macos-x64"]
checksum = "sha256:2b233301ad21ab7b1eabd9ae1198a164005fa4928fcdd745d47c39f8593209d7"
url = "https://github.com/FiloSottile/age/releases/download/v1.3.1/age-v1.3.1-darwin-amd64.tar.gz"
url_api = "https://api.github.com/repos/FiloSottile/age/releases/assets/343881260"
provenance = "github-attestations"

[tools.age."platforms.windows-x64"]
checksum = "sha256:c56e8ce22f7e80cb85ad946cc82d198767b056366201d3e1a2b93d865be38154"
url = "https://github.com/FiloSottile/age/releases/download/v1.3.1/age-v1.3.1-windows-amd64.zip"
url_api = "https://api.github.com/repos/FiloSottile/age/releases/assets/333752673"
provenance = "github-attestations"

[[tools."aqua:neovim/neovim"]]
version = "0.11.5"
backend = "aqua:neovim/neovim"

[tools."aqua:neovim/neovim"."platforms.linux-arm64"]
checksum = "sha256:ea4f9a31b11cc1477ff014aebb7b207684e7280f94ffa97abdab6cacd9b98519"
url = "https://github.com/neovim/neovim/releases/download/v0.11.5/nvim-linux-arm64.tar.gz"
url_api = "https://api.github.com/repos/neovim/neovim/releases/assets/311637681"

[tools."aqua:neovim/neovim"."platforms.linux-x64"]
checksum = "sha256:b2f91117be5b5ea39edd7297156dc2a4a8df4add6c95a90809a8df19e7ab6f52"
url = "https://github.com/neovim/neovim/releases/download/v0.11.5/nvim-linux-x86_64.tar.gz"
url_api = "https://api.github.com/repos/neovim/neovim/releases/assets/311637684"

[tools."aqua:neovim/neovim"."platforms.macos-arm64"]
checksum = "sha256:79143d3b408f7034f90b7cf59af2276de09ef8a4c2f1a28e4c99581b249d3107"
url = "https://github.com/neovim/neovim/releases/download/v0.11.5/nvim-macos-arm64.tar.gz"
url_api = "https://api.github.com/repos/neovim/neovim/releases/assets/311637682"

[tools."aqua:neovim/neovim"."platforms.macos-x64"]
checksum = "sha256:6612760a7037ca2518e456908baf5e43101fa79819d18979fc4d4e8441d9dfa5"
url = "https://github.com/neovim/neovim/releases/download/v0.11.5/nvim-macos-x86_64.tar.gz"
url_api = "https://api.github.com/repos/neovim/neovim/releases/assets/311637683"

[tools."aqua:neovim/neovim"."platforms.windows-x64"]
checksum = "sha256:718e731326e7759cf17bbbb33f38975707a2ac85642614686b818ef5fde38f48"
url = "https://github.com/neovim/neovim/releases/download/v0.11.5/nvim-win64.zip"
url_api = "https://api.github.com/repos/neovim/neovim/releases/assets/311637690"

[[tools.awscli]]
version = "2.36.2"
backend = "aqua:aws/aws-cli"

[tools.awscli."platforms.linux-arm64"]
url = "https://awscli.amazonaws.com/awscli-exe-linux-aarch64-2.36.2.zip"

[tools.awscli."platforms.linux-x64"]
url = "https://awscli.amazonaws.com/awscli-exe-linux-x86_64-2.36.2.zip"

[tools.awscli."platforms.macos-arm64"]
checksum = "blake3:261973c37d3692330c1e584ab65ad8411828c3ce44fda637e5d5eea02d969fd6"
url = "https://awscli.amazonaws.com/AWSCLIV2-2.36.2.pkg"

[tools.awscli."platforms.macos-x64"]
url = "https://awscli.amazonaws.com/AWSCLIV2-2.36.2.pkg"

[[tools.bat]]
version = "0.26.1"
backend = "aqua:sharkdp/bat"

[tools.bat."platforms.linux-arm64"]
checksum = "sha256:6369242c584065f195fb20cb36fbd7cb63ae690605bbe89868a7596b596c2c23"
url = "https://github.com/sharkdp/bat/releases/download/v0.26.1/bat-v0.26.1-aarch64-unknown-linux-musl.tar.gz"

[tools.bat."platforms.linux-x64"]
checksum = "sha256:0dcd8ac79732c0d5b136f11f4ee00e581440e16a44eab5b3105b611bbf2cf191"
url = "https://github.com/sharkdp/bat/releases/download/v0.26.1/bat-v0.26.1-x86_64-unknown-linux-musl.tar.gz"

[tools.bat."platforms.macos-arm64"]
checksum = "sha256:e30beff26779c9bf60bb541e1d79046250cb74378f2757f8eb250afddb19e114"
url = "https://github.com/sharkdp/bat/releases/download/v0.26.1/bat-v0.26.1-aarch64-apple-darwin.tar.gz"

[tools.bat."platforms.macos-x64"]
checksum = "sha256:830d63b0bba1fa040542ec569e3cf77f60d3356b9de75116a344b061e0894245"
url = "https://github.com/sharkdp/bat/releases/download/v0.26.1/bat-v0.26.1-x86_64-apple-darwin.tar.gz"

[tools.bat."platforms.windows-x64"]
checksum = "sha256:0f729b4b6f5f28d395c641eacc2e9ff68d0096b85aa0eec344aa62425144b69b"
url = "https://github.com/sharkdp/bat/releases/download/v0.26.1/bat-v0.26.1-x86_64-pc-windows-msvc.zip"

[[tools."cargo:tree-sitter-cli"]]
version = "0.26.3"
backend = "cargo:tree-sitter-cli"

[[tools.claude]]
version = "2.1.215"
backend = "http:claude"

[tools.claude."platforms.linux-arm64"]
checksum = "sha256:2b43a3d5b0787217e5d7381fad42c7314292546fe9db9eb8b9b379de90509b30"
url = "https://storage.googleapis.com/claude-code-dist-86c565f3-f756-42ad-8dfa-d59b1c096819/claude-code-releases/2.1.215/linux-arm64/claude"

[tools.claude."platforms.linux-x64"]
checksum = "sha256:c1efffaaf370aa187cb6a09dd93d4e511c646899b0078476f83791b664bde7fe"
url = "https://storage.googleapis.com/claude-code-dist-86c565f3-f756-42ad-8dfa-d59b1c096819/claude-code-releases/2.1.215/linux-x64/claude"

[tools.claude."platforms.macos-arm64"]
checksum = "blake3:e63632b355e02f7981950d4a8d8063e20ad8230aa2c63b0849559382b6984b35"
url = "https://storage.googleapis.com/claude-code-dist-86c565f3-f756-42ad-8dfa-d59b1c096819/claude-code-releases/2.1.215/darwin-arm64/claude"

[tools.claude."platforms.macos-x64"]
checksum = "sha256:1ef5f5e56ede9f7765a9bef654ece6045dba58f48b7f5b699765375953d52b6b"
url = "https://storage.googleapis.com/claude-code-dist-86c565f3-f756-42ad-8dfa-d59b1c096819/claude-code-releases/2.1.215/darwin-x64/claude"

[tools.claude."platforms.windows-x64"]
checksum = "sha256:f14452d1e199273795f2920c00fd7a7f818178ddf1f3efb4d005a7e3d4ec4eff"
url = "https://storage.googleapis.com/claude-code-dist-86c565f3-f756-42ad-8dfa-d59b1c096819/claude-code-releases/2.1.215/win32-x64/claude.exe"

[[tools.codex]]
version = "0.114.0"
backend = "aqua:openai/codex"

[tools.codex."platforms.linux-arm64"]
checksum = "sha256:5ac9b03134e44a10ab58a567626d0c059ac3c03111fd4cb406f191bb89f5390e"
url = "https://github.com/openai/codex/releases/download/rust-v0.114.0/codex-aarch64-unknown-linux-musl.zst"
url_api = "https://api.github.com/repos/openai/codex/releases/assets/371180890"

[tools.codex."platforms.linux-x64"]
checksum = "sha256:91bf62d55c608f488795ce1ef35d922ddda7cd3a417848dda073a235d130dda3"
url = "https://github.com/openai/codex/releases/download/rust-v0.114.0/codex-x86_64-unknown-linux-musl.zst"
url_api = "https://api.github.com/repos/openai/codex/releases/assets/371180839"

[tools.codex."platforms.macos-arm64"]
checksum = "sha256:50bc0cf8b0ae35e74a3fcc5ba7d3afb8b90a3dfe26c8d4bb775d3b721b6e7db6"
url = "https://github.com/openai/codex/releases/download/rust-v0.114.0/codex-aarch64-apple-darwin.zst"
url_api = "https://api.github.com/repos/openai/codex/releases/assets/371180911"

[tools.codex."platforms.macos-x64"]
checksum = "sha256:eac810d901bca56b6f9a935c37f9c5b9557c53c1022d05c9aede173e244b8a90"
url = "https://github.com/openai/codex/releases/download/rust-v0.114.0/codex-x86_64-apple-darwin.zst"
url_api = "https://api.github.com/repos/openai/codex/releases/assets/371180859"

[tools.codex."platforms.windows-x64"]
checksum = "sha256:fac12ad842ba76fb727acbdd11bb551adbe5def5250eb3c020293cc54c2b5c21"
url = "https://github.com/openai/codex/releases/download/rust-v0.114.0/codex-x86_64-pc-windows-msvc.exe.zst"
url_api = "https://api.github.com/repos/openai/codex/releases/assets/371180851"

[[tools.deno]]
version = "2.9.3"
backend = "core:deno"

[tools.deno."platforms.linux-arm64"]
checksum = "sha256:753937db98a4b56cbbbd26e8f00eb4b789191a229afec93f74bcfa4e79bc2c8b"
url = "https://dl.deno.land/release/v2.9.3/deno-aarch64-unknown-linux-gnu.zip"

[tools.deno."platforms.linux-x64"]
checksum = "sha256:8101865641cbede56f08ad19c0a67a87df84bce127fee0d3e3e1f7467717ffa6"
url = "https://dl.deno.land/release/v2.9.3/deno-x86_64-unknown-linux-gnu.zip"

[tools.deno."platforms.macos-arm64"]
checksum = "sha256:1b2972f7ceb6df28d9600eab18d423bebb9aa18db02f01d7eb37a5b501482203"
url = "https://dl.deno.land/release/v2.9.3/deno-aarch64-apple-darwin.zip"

[tools.deno."platforms.macos-x64"]
checksum = "sha256:cff2bce236fde0952aac62a5699464c46901b4eb1e61d0caffbb33d556e098c1"
url = "https://dl.deno.land/release/v2.9.3/deno-x86_64-apple-darwin.zip"

[tools.deno."platforms.windows-x64"]
checksum = "sha256:60343461ac5fe3a31f4ef12667f2946bb852e20655c8610aeb7e751e87f7df3a"
url = "https://dl.deno.land/release/v2.9.3/deno-x86_64-pc-windows-msvc.zip"

[[tools.difftastic]]
version = "0.67.0"
backend = "aqua:Wilfred/difftastic"

[tools.difftastic."platforms.linux-arm64"]
checksum = "sha256:e36f746fbf5d37c68c1d760878fdb77778066c6a646253bb8d9ae7d3fe84c81b"
url = "https://github.com/Wilfred/difftastic/releases/download/0.67.0/difft-aarch64-unknown-linux-gnu.tar.gz"

[tools.difftastic."platforms.linux-x64"]
checksum = "sha256:328e1ab028a36b81ae990c9fc40a1c8eb618e14559e0d67a0a63f328ad85de09"
url = "https://github.com/Wilfred/difftastic/releases/download/0.67.0/difft-x86_64-unknown-linux-musl.tar.gz"

[tools.difftastic."platforms.macos-arm64"]
checksum = "sha256:cdb1d74f2b0f37df3bce7a9ac09d8ecd0d2d94530627516ff9b12f25d187a555"
url = "https://github.com/Wilfred/difftastic/releases/download/0.67.0/difft-aarch64-apple-darwin.tar.gz"

[tools.difftastic."platforms.macos-x64"]
checksum = "sha256:83cc28d781f11b7fc2723b73ded623cf97a70a0849dff1efa39d1864adfdac54"
url = "https://github.com/Wilfred/difftastic/releases/download/0.67.0/difft-x86_64-apple-darwin.tar.gz"

[tools.difftastic."platforms.windows-x64"]
checksum = "sha256:5fd7aa37ce90f838fb91f6e4b2765ac9cad0a7e9d1dccc5b19529fd6b4cbf8b4"
url = "https://github.com/Wilfred/difftastic/releases/download/0.67.0/difft-x86_64-pc-windows-msvc.zip"

[[tools.dotnet]]
version = "9.0.316"
backend = "vfox:dotnet"

[tools.dotnet."platforms.linux-arm64"]
url = "https://dot.net/v1/dotnet-install.sh"

[tools.dotnet."platforms.linux-x64"]
url = "https://dot.net/v1/dotnet-install.sh"

[tools.dotnet."platforms.macos-arm64"]
url = "https://dot.net/v1/dotnet-install.sh"

[tools.dotnet."platforms.macos-x64"]
url = "https://dot.net/v1/dotnet-install.sh"

[tools.dotnet."platforms.windows-x64"]
url = "https://dot.net/v1/dotnet-install.ps1"

[[tools.elixir]]
version = "1.19.4-otp-28"
backend = "core:elixir"

[tools.elixir."platforms.linux-arm64"]
checksum = "sha256:8fd7b5705b756c0e1ec71f9e8281b4b75801b9564f0205b5035319e8505ad2b4"
url = "https://builds.hex.pm/builds/elixir/v1.19.4-otp-28.zip"

[tools.elixir."platforms.linux-x64"]
checksum = "sha256:8fd7b5705b756c0e1ec71f9e8281b4b75801b9564f0205b5035319e8505ad2b4"
url = "https://builds.hex.pm/builds/elixir/v1.19.4-otp-28.zip"

[tools.elixir."platforms.macos-arm64"]
checksum = "sha256:8fd7b5705b756c0e1ec71f9e8281b4b75801b9564f0205b5035319e8505ad2b4"
url = "https://builds.hex.pm/builds/elixir/v1.19.4-otp-28.zip"

[tools.elixir."platforms.macos-x64"]
checksum = "sha256:8fd7b5705b756c0e1ec71f9e8281b4b75801b9564f0205b5035319e8505ad2b4"
url = "https://builds.hex.pm/builds/elixir/v1.19.4-otp-28.zip"

[tools.elixir."platforms.windows-x64"]
checksum = "sha256:8fd7b5705b756c0e1ec71f9e8281b4b75801b9564f0205b5035319e8505ad2b4"
url = "https://builds.hex.pm/builds/elixir/v1.19.4-otp-28.zip"

[[tools.erlang]]
version = "28.3"
backend = "core:erlang"

[tools.erlang."platforms.macos-arm64"]
checksum = "sha256:eae45dbe4c464d16c24114eeeb074c75a5749007f3b11baa0e8ce5c34c58157f"
url = "https://github.com/erlef/otp_builds/releases/download/OTP-28.3/otp-aarch64-apple-darwin.tar.gz"
url_api = "https://api.github.com/repos/erlef/otp_builds/releases/assets/326886957"

[tools.erlang."platforms.macos-x64"]
checksum = "sha256:cb7bf889b461853958f070276c935e6c86bd9bbbd125dabc9ff3148af4a2a479"
url = "https://github.com/erlef/otp_builds/releases/download/OTP-28.3/otp-x86_64-apple-darwin.tar.gz"
url_api = "https://api.github.com/repos/erlef/otp_builds/releases/assets/366716611"

[tools.erlang."platforms.windows-x64"]
checksum = "sha256:fbaab2cdd99f6d01cb0cc03784ecfd8e3273996dc0ca3c9b7125adc86a4faef6"
url = "https://github.com/erlang/otp/releases/download/OTP-28.3/otp_win64_28.3.zip"
url_api = "https://api.github.com/repos/erlang/otp/releases/assets/326903995"

[[tools.eza]]
version = "0.23.4"
backend = "asdf:eza"

[[tools.fd]]
version = "10.3.0"
backend = "aqua:sharkdp/fd"

[tools.fd."platforms.linux-arm64"]
checksum = "sha256:996b9b1366433b211cb3bbedba91c9dbce2431842144d925428ead0adf32020b"
url = "https://github.com/sharkdp/fd/releases/download/v10.3.0/fd-v10.3.0-aarch64-unknown-linux-musl.tar.gz"

[tools.fd."platforms.linux-x64"]
checksum = "sha256:2b6bfaae8c48f12050813c2ffe1884c61ea26e750d803df9c9114550a314cd14"
url = "https://github.com/sharkdp/fd/releases/download/v10.3.0/fd-v10.3.0-x86_64-unknown-linux-musl.tar.gz"

[tools.fd."platforms.macos-arm64"]
checksum = "sha256:0570263812089120bc2a5d84f9e65cd0c25e4a4d724c80075c357239c74ae904"
url = "https://github.com/sharkdp/fd/releases/download/v10.3.0/fd-v10.3.0-aarch64-apple-darwin.tar.gz"

[tools.fd."platforms.macos-x64"]
checksum = "sha256:50d30f13fe3d5914b14c4fff5abcbd4d0cdab4b855970a6956f4f006c17117a3"
url = "https://github.com/sharkdp/fd/releases/download/v10.3.0/fd-v10.3.0-x86_64-apple-darwin.tar.gz"

[tools.fd."platforms.windows-x64"]
checksum = "sha256:318aa2a6fa664325933e81fda60d523fff29444129e91ebf0726b5b3bcd8b059"
url = "https://github.com/sharkdp/fd/releases/download/v10.3.0/fd-v10.3.0-x86_64-pc-windows-msvc.zip"

[[tools.ffmpeg]]
version = "8.0.1"
backend = "asdf:ffmpeg"

[[tools.fzf]]
version = "0.67.0"
backend = "aqua:junegunn/fzf"

[tools.fzf."platforms.linux-arm64"]
checksum = "sha256:7071f48c2ac0f2bc992d6d33cc36fd675a579a98cc976dda699eea07dd5e9c58"
url = "https://github.com/junegunn/fzf/releases/download/v0.67.0/fzf-0.67.0-linux_arm64.tar.gz"

[tools.fzf."platforms.linux-x64"]
checksum = "sha256:4be08018ca37b32518c608741933ea335a406de3558242b60619e98f25be2be1"
url = "https://github.com/junegunn/fzf/releases/download/v0.67.0/fzf-0.67.0-linux_amd64.tar.gz"

[tools.fzf."platforms.macos-arm64"]
checksum = "sha256:b7f34c964d8e52c471c933cef8ec43dc71997c266cafafd1b013bed10fc229a1"
url = "https://github.com/junegunn/fzf/releases/download/v0.67.0/fzf-0.67.0-darwin_arm64.tar.gz"

[tools.fzf."platforms.macos-x64"]
checksum = "sha256:88dc853e0914793a2e7be0d1acfe6c922d9ccad08e3302df092399775b0279ff"
url = "https://github.com/junegunn/fzf/releases/download/v0.67.0/fzf-0.67.0-darwin_amd64.tar.gz"

[tools.fzf."platforms.windows-x64"]
checksum = "sha256:cad95326ed416d14226a03425513b049f5bc9a41f30a355e5fe204a29e666867"
url = "https://github.com/junegunn/fzf/releases/download/v0.67.0/fzf-0.67.0-windows_amd64.zip"

[[tools.gcloud]]
version = "543.0.0"
backend = "vfox:mise-plugins/vfox-gcloud"

[tools.gcloud."platforms.linux-arm64"]
url = "https://storage.googleapis.com/cloud-sdk-release/google-cloud-sdk-543.0.0-linux-arm.tar.gz"

[tools.gcloud."platforms.linux-x64"]
url = "https://storage.googleapis.com/cloud-sdk-release/google-cloud-sdk-543.0.0-linux-x86_64.tar.gz"

[tools.gcloud."platforms.macos-arm64"]
url = "https://storage.googleapis.com/cloud-sdk-release/google-cloud-sdk-543.0.0-darwin-arm.tar.gz"

[tools.gcloud."platforms.macos-x64"]
url = "https://storage.googleapis.com/cloud-sdk-release/google-cloud-sdk-543.0.0-darwin-x86_64.tar.gz"

[tools.gcloud."platforms.windows-x64"]
url = "https://storage.googleapis.com/cloud-sdk-release/google-cloud-sdk-543.0.0-windows-x86_64.zip"

[[tools.gh]]
version = "2.86.0"
backend = "aqua:cli/cli"

[tools.gh."platforms.linux-arm64"]
checksum = "sha256:83cf7a7962ea9dfcc2c123666695792916a87af32cba5f1f6e585db08fa57547"
url = "https://github.com/cli/cli/releases/download/v2.86.0/gh_2.86.0_linux_arm64.tar.gz"
url_api = "https://api.github.com/repos/cli/cli/releases/assets/343886809"
provenance = "github-attestations"

[tools.gh."platforms.linux-x64"]
checksum = "sha256:f3b08bd6a28420cc2229b0a1a687fa25f2b838d3f04b297414c1041ca68103c7"
url = "https://github.com/cli/cli/releases/download/v2.86.0/gh_2.86.0_linux_amd64.tar.gz"
url_api = "https://api.github.com/repos/cli/cli/releases/assets/343886805"
provenance = "github-attestations"

[tools.gh."platforms.macos-arm64"]
checksum = "sha256:bde753978a352c5ae6c4abec47334d516e82807af20c9dbbd45507a5a0aedaaa"
url = "https://github.com/cli/cli/releases/download/v2.86.0/gh_2.86.0_macOS_arm64.zip"

[tools.gh."platforms.macos-x64"]
checksum = "sha256:ced7094d05702eb54a63542abd8a1dc570b7e5ae94951844eb1626ba74bc2c60"
url = "https://github.com/cli/cli/releases/download/v2.86.0/gh_2.86.0_macOS_amd64.zip"
url_api = "https://api.github.com/repos/cli/cli/releases/assets/343886819"
provenance = "github-attestations"

[tools.gh."platforms.windows-x64"]
checksum = "sha256:983c74a8c594366b198485187cd6d4d07638f0bf9a9948d51a2a81a5164d8bfd"
url = "https://github.com/cli/cli/releases/download/v2.86.0/gh_2.86.0_windows_amd64.zip"
url_api = "https://api.github.com/repos/cli/cli/releases/assets/343886832"
provenance = "github-attestations"

[[tools.go]]
version = "1.26.5"
backend = "core:go"

[tools.go."platforms.linux-arm64"]
checksum = "sha256:fe4789e92b1f33358680864bbe8704289e7bb5fc207d80623c308935bd696d49"
url = "https://dl.google.com/go/go1.26.5.linux-arm64.tar.gz"

[tools.go."platforms.linux-x64"]
checksum = "sha256:5c2c3b16caefa1d968a94c1daca04a7ca301a496d9b086e17ad77bb81393f053"
url = "https://dl.google.com/go/go1.26.5.linux-amd64.tar.gz"

[tools.go."platforms.macos-arm64"]
checksum = "sha256:efb87ff28af9a188d0536ef5d42e63dd52ba8263cd7344a993cc48dd11dedb6a"
url = "https://dl.google.com/go/go1.26.5.darwin-arm64.tar.gz"

[tools.go."platforms.macos-x64"]
checksum = "sha256:6231d8d3b8f5552ec6cbf6d685bdd5482e1e703214b120e89b3bf0d7bf1ef725"
url = "https://dl.google.com/go/go1.26.5.darwin-amd64.tar.gz"

[tools.go."platforms.windows-x64"]
checksum = "sha256:97e6b2a833b6d89f9ff17d25419ac0a7e3b482a044e9ab18cdef834bd834fd38"
url = "https://dl.google.com/go/go1.26.5.windows-amd64.zip"

[[tools.herdr]]
version = "0.7.4"
backend = "aqua:ogulcancelik/herdr"

[tools.herdr."platforms.linux-arm64"]
checksum = "sha256:544e0002de42806d1ab64ccdef3a7e7414f24717b0b6b022bc9e57d2eefd26a2"
url = "https://github.com/ogulcancelik/herdr/releases/download/v0.7.4/herdr-linux-aarch64"
url_api = "https://api.github.com/repos/ogulcancelik/herdr/releases/assets/478145774"

[tools.herdr."platforms.linux-x64"]
checksum = "sha256:bc0fc02d4ba500f9cac2353a43e67fe036785ecca6eb55378e050fac3c103059"
url = "https://github.com/ogulcancelik/herdr/releases/download/v0.7.4/herdr-linux-x86_64"
url_api = "https://api.github.com/repos/ogulcancelik/herdr/releases/assets/478145777"

[tools.herdr."platforms.macos-arm64"]
checksum = "sha256:24992e1625dbdcb18354a59e299e4b263c312400b31396cdc07cd46ed57f24a7"
url = "https://github.com/ogulcancelik/herdr/releases/download/v0.7.4/herdr-macos-aarch64"
url_api = "https://api.github.com/repos/ogulcancelik/herdr/releases/assets/478145773"

[tools.herdr."platforms.macos-x64"]
checksum = "sha256:ddf430133352e1712413d5d865b34a485546f4658893fc89986257d65a7585a8"
url = "https://github.com/ogulcancelik/herdr/releases/download/v0.7.4/herdr-macos-x86_64"
url_api = "https://api.github.com/repos/ogulcancelik/herdr/releases/assets/478145775"

[[tools.hyperfine]]
version = "1.20.0"
backend = "aqua:sharkdp/hyperfine"

[tools.hyperfine."platforms.linux-arm64"]
checksum = "sha256:90875cb1db7a1d797c311174d061728361e58fc70e3b62262a00635ac3b1997c"
url = "https://github.com/sharkdp/hyperfine/releases/download/v1.20.0/hyperfine-v1.20.0-aarch64-unknown-linux-gnu.tar.gz"

[tools.hyperfine."platforms.linux-x64"]
checksum = "sha256:3285ec7959285288137043dd81dce0dde056227018a8277532d9a364b4f03c2b"
url = "https://github.com/sharkdp/hyperfine/releases/download/v1.20.0/hyperfine-v1.20.0-x86_64-unknown-linux-musl.tar.gz"

[tools.hyperfine."platforms.macos-arm64"]
checksum = "sha256:f58d0b90993fadfa122a351428c469ce24afef3865f027f0e6e86f0830d088f1"
url = "https://github.com/sharkdp/hyperfine/releases/download/v1.20.0/hyperfine-v1.20.0-x86_64-apple-darwin.tar.gz"

[tools.hyperfine."platforms.macos-x64"]
checksum = "sha256:f58d0b90993fadfa122a351428c469ce24afef3865f027f0e6e86f0830d088f1"
url = "https://github.com/sharkdp/hyperfine/releases/download/v1.20.0/hyperfine-v1.20.0-x86_64-apple-darwin.tar.gz"

[tools.hyperfine."platforms.windows-x64"]
checksum = "sha256:2508c549b049b1d4342d08edc1cb42bfac169082b6e3069431b5bab9822dbb32"
url = "https://github.com/sharkdp/hyperfine/releases/download/v1.20.0/hyperfine-v1.20.0-x86_64-pc-windows-msvc.zip"

[[tools.jj]]
version = "0.36.0"
backend = "aqua:jj-vcs/jj"

[tools.jj."platforms.linux-arm64"]
checksum = "sha256:005506768d7779c77fbad1d9a291473ad60e806f800f86be1de90ded542c426b"
url = "https://github.com/jj-vcs/jj/releases/download/v0.36.0/jj-v0.36.0-aarch64-unknown-linux-musl.tar.gz"

[tools.jj."platforms.linux-x64"]
checksum = "sha256:b9526754d35ee643dd7f91a927d0e5650563e1092ffa599765624a3f212277ab"
url = "https://github.com/jj-vcs/jj/releases/download/v0.36.0/jj-v0.36.0-x86_64-unknown-linux-musl.tar.gz"

[tools.jj."platforms.macos-arm64"]
checksum = "sha256:359e26cd75aaa074f5bfa9bd4e3d565597f68e199e1c92e9551465e3c7530580"
url = "https://github.com/jj-vcs/jj/releases/download/v0.36.0/jj-v0.36.0-aarch64-apple-darwin.tar.gz"

[tools.jj."platforms.macos-x64"]
checksum = "sha256:66ae97523a609e06ebfd76a46bca742a71d497c5c5afffbabbfcbef3fa33bf23"
url = "https://github.com/jj-vcs/jj/releases/download/v0.36.0/jj-v0.36.0-x86_64-apple-darwin.tar.gz"

[tools.jj."platforms.windows-x64"]
checksum = "sha256:f173e51b54617b91de2a61f6e83a43220a91ec5025fa5d002a07668780074f61"
url = "https://github.com/jj-vcs/jj/releases/download/v0.36.0/jj-v0.36.0-x86_64-pc-windows-msvc.zip"

[[tools.jq]]
version = "1.8.2"
backend = "aqua:jqlang/jq"

[tools.jq."platforms.linux-arm64"]
checksum = "sha256:8b85c817833814ddca00a144c33705546355afccf0cf39b188f3cdb48b852309"
url = "https://github.com/jqlang/jq/releases/download/jq-1.8.2/jq-linux-arm64"
provenance = "github-attestations"

[tools.jq."platforms.linux-x64"]
checksum = "sha256:b1c22172dd303f3be49e935aa56aa48a8b7a46e0bc838b4997d3bb451495870f"
url = "https://github.com/jqlang/jq/releases/download/jq-1.8.2/jq-linux-amd64"
provenance = "github-attestations"

[tools.jq."platforms.macos-arm64"]
checksum = "sha256:2d75340ba57a4b4b4c8708a21c2dc8e958a48aaa8bba13b27f77f6e4c0eca07e"
url = "https://github.com/jqlang/jq/releases/download/jq-1.8.2/jq-macos-arm64"
provenance = "github-attestations"

[tools.jq."platforms.macos-x64"]
checksum = "sha256:e94b266e3c26690550006abe63152b782280f4e14374accdf04cbde844f00bc0"
url = "https://github.com/jqlang/jq/releases/download/jq-1.8.2/jq-macos-amd64"
provenance = "github-attestations"

[tools.jq."platforms.windows-x64"]
checksum = "sha256:a6fc67fedaf9128a3309a1e2ebb8b986aeccf70122ee46d2cb4849e423f0c627"
url = "https://github.com/jqlang/jq/releases/download/jq-1.8.2/jq-windows-amd64.exe"
provenance = "github-attestations"

[[tools.lazygit]]
version = "0.58.1"
backend = "aqua:jesseduffield/lazygit"

[tools.lazygit."platforms.linux-arm64"]
checksum = "sha256:c0571542a3df894748afc8820fcd2ac16df0970df2ddb429280dfef47b1f2d1e"
url = "https://github.com/jesseduffield/lazygit/releases/download/v0.58.1/lazygit_0.58.1_linux_arm64.tar.gz"
url_api = "https://api.github.com/repos/jesseduffield/lazygit/releases/assets/339602563"

[tools.lazygit."platforms.linux-x64"]
checksum = "sha256:61b6b839390c193466fb692f75df4e75ef5e9ced2bf5e0ca8b3848902f0adea9"
url = "https://github.com/jesseduffield/lazygit/releases/download/v0.58.1/lazygit_0.58.1_linux_x86_64.tar.gz"
url_api = "https://api.github.com/repos/jesseduffield/lazygit/releases/assets/339602553"

[tools.lazygit."platforms.macos-arm64"]
checksum = "sha256:d93a8a217a51f26d0a643a97bd31e3fabcb2e3a78cdbf1f1e533b9cd8bc881ce"
url = "https://github.com/jesseduffield/lazygit/releases/download/v0.58.1/lazygit_0.58.1_darwin_arm64.tar.gz"

[tools.lazygit."platforms.macos-x64"]
checksum = "sha256:9f824298c8dbb3efaf6bf93a2e3be8a31fd53213bd3e759b7bd49d7bc7f8e3d0"
url = "https://github.com/jesseduffield/lazygit/releases/download/v0.58.1/lazygit_0.58.1_darwin_x86_64.tar.gz"
url_api = "https://api.github.com/repos/jesseduffield/lazygit/releases/assets/339602562"

[tools.lazygit."platforms.windows-x64"]
checksum = "sha256:81f6f925e7eb97b32f89dd9c3597fed245f26fe81c7162a2470d501051f996dd"
url = "https://github.com/jesseduffield/lazygit/releases/download/v0.58.1/lazygit_0.58.1_windows_x86_64.zip"
url_api = "https://api.github.com/repos/jesseduffield/lazygit/releases/assets/339602558"

[[tools.node]]
version = "24.14.1"
backend = "core:node"

[tools.node."platforms.linux-arm64"]
checksum = "sha256:734ff04fa7f8ed2e8a78d40cacf5ac3fc4515dac2858757cbab313eb483ba8a2"
url = "https://nodejs.org/dist/v24.14.1/node-v24.14.1-linux-arm64.tar.gz"

[tools.node."platforms.linux-x64"]
checksum = "sha256:ace9fa104992ed0829642629c46ca7bd7fd6e76278cb96c958c4b387d29658ea"
url = "https://nodejs.org/dist/v24.14.1/node-v24.14.1-linux-x64.tar.gz"

[tools.node."platforms.macos-arm64"]
checksum = "sha256:25495ff85bd89e2d8a24d88566d7e2f827c6b0d3d872b2cebf75371f93fcb1fe"
url = "https://nodejs.org/dist/v24.14.1/node-v24.14.1-darwin-arm64.tar.gz"

[tools.node."platforms.macos-x64"]
checksum = "sha256:2526230ad7d922be82d4fdb1e7ee1e84303e133e3b4b0ec4c2897ab31de0253d"
url = "https://nodejs.org/dist/v24.14.1/node-v24.14.1-darwin-x64.tar.gz"

[tools.node."platforms.windows-x64"]
checksum = "sha256:6e50ce5498c0cebc20fd39ab3ff5df836ed2f8a31aa093cecad8497cff126d70"
url = "https://nodejs.org/dist/v24.14.1/node-v24.14.1-win-x64.zip"

[[tools."npm:polygraph"]]
version = "0.1.1"
backend = "npm:polygraph"

[[tools.opencode]]
version = "1.18.3"
backend = "aqua:anomalyco/opencode"

[tools.opencode."platforms.linux-arm64"]
checksum = "sha256:da0a631174eba380b2a1d51f9d364fa3812da433e72743c72471d4b5da59c69d"
url = "https://github.com/anomalyco/opencode/releases/download/v1.18.3/opencode-linux-arm64.tar.gz"
url_api = "https://api.github.com/repos/anomalyco/opencode/releases/assets/479302069"

[tools.opencode."platforms.linux-x64"]
checksum = "sha256:60f27b2679f00a511b6539f97e02448afaf58d9c66e2448285ea0c517ca84583"
url = "https://github.com/anomalyco/opencode/releases/download/v1.18.3/opencode-linux-x64.tar.gz"
url_api = "https://api.github.com/repos/anomalyco/opencode/releases/assets/479302078"

[tools.opencode."platforms.macos-arm64"]
checksum = "sha256:946f62b155638b911144b7bef520ee4a6442f696297907873463bca3524e40ef"
url = "https://github.com/anomalyco/opencode/releases/download/v1.18.3/opencode-darwin-arm64.zip"
url_api = "https://api.github.com/repos/anomalyco/opencode/releases/assets/479301949"

[tools.opencode."platforms.macos-x64"]
checksum = "sha256:4ea147867ba19e4ec03559df557811f1674f40788aea4d10326dc563b7667c6d"
url = "https://github.com/anomalyco/opencode/releases/download/v1.18.3/opencode-darwin-x64.zip"
url_api = "https://api.github.com/repos/anomalyco/opencode/releases/assets/479301954"

[tools.opencode."platforms.windows-x64"]
checksum = "sha256:68bc62930f6cb5755e0409aa9de0bb270a66ed2b8c9cf0c029e9f2287ed5486e"
url = "https://github.com/anomalyco/opencode/releases/download/v1.18.3/opencode-windows-x64.zip"
url_api = "https://api.github.com/repos/anomalyco/opencode/releases/assets/479306797"

[[tools.resvg]]
version = "0.46.0"
backend = "aqua:linebender/resvg"

[tools.resvg."platforms.linux-x64"]
checksum = "sha256:2b6298b2f48f6595d7af5fc3f91573b27f6b0eb79d57a36118d10f9b1411a985"
url = "https://github.com/linebender/resvg/releases/download/v0.46.0/resvg-linux-x86_64.tar.gz"
url_api = "https://api.github.com/repos/linebender/resvg/releases/assets/339190820"

[tools.resvg."platforms.macos-arm64"]
checksum = "sha256:65784035b922fe4230681bc5e2ccb00b6b0ac36622a0d1b5c22ab75cefa60a91"
url = "https://github.com/linebender/resvg/releases/download/v0.46.0/resvg-macos-x86_64.zip"

[tools.resvg."platforms.macos-x64"]
checksum = "sha256:65784035b922fe4230681bc5e2ccb00b6b0ac36622a0d1b5c22ab75cefa60a91"
url = "https://github.com/linebender/resvg/releases/download/v0.46.0/resvg-macos-x86_64.zip"
url_api = "https://api.github.com/repos/linebender/resvg/releases/assets/339190736"

[tools.resvg."platforms.windows-x64"]
checksum = "sha256:a44bfb46462b660fd6e1109eee85fa20ca2b2401fb280fba269045f64617ddd0"
url = "https://github.com/linebender/resvg/releases/download/v0.46.0/resvg-win64.zip"
url_api = "https://api.github.com/repos/linebender/resvg/releases/assets/339191423"

[[tools.ripgrep]]
version = "15.1.0"
backend = "aqua:BurntSushi/ripgrep"

[tools.ripgrep."platforms.linux-arm64"]
checksum = "sha256:2b661c6ef508e902f388e9098d9c4c5aca72c87b55922d94abdba830b4dc885e"
url = "https://github.com/BurntSushi/ripgrep/releases/download/15.1.0/ripgrep-15.1.0-aarch64-unknown-linux-gnu.tar.gz"

[tools.ripgrep."platforms.linux-x64"]
checksum = "sha256:1c9297be4a084eea7ecaedf93eb03d058d6faae29bbc57ecdaf5063921491599"
url = "https://github.com/BurntSushi/ripgrep/releases/download/15.1.0/ripgrep-15.1.0-x86_64-unknown-linux-musl.tar.gz"

[tools.ripgrep."platforms.macos-arm64"]
checksum = "sha256:378e973289176ca0c6054054ee7f631a065874a352bf43f0fa60ef079b6ba715"
url = "https://github.com/BurntSushi/ripgrep/releases/download/15.1.0/ripgrep-15.1.0-aarch64-apple-darwin.tar.gz"

[tools.ripgrep."platforms.macos-x64"]
checksum = "sha256:64811cb24e77cac3057d6c40b63ac9becf9082eedd54ca411b475b755d334882"
url = "https://github.com/BurntSushi/ripgrep/releases/download/15.1.0/ripgrep-15.1.0-x86_64-apple-darwin.tar.gz"

[tools.ripgrep."platforms.windows-x64"]
checksum = "sha256:124510b94b6baa3380d051fdf4650eaa80a302c876d611e9dba0b2e18d87493a"
url = "https://github.com/BurntSushi/ripgrep/releases/download/15.1.0/ripgrep-15.1.0-x86_64-pc-windows-msvc.zip"

[[tools.rust]]
version = "1.90.0"
backend = "core:rust"

[[tools.shellcheck]]
version = "0.11.0"
backend = "aqua:koalaman/shellcheck"

[tools.shellcheck."platforms.linux-arm64"]
checksum = "sha256:12b331c1d2db6b9eb13cfca64306b1b157a86eb69db83023e261eaa7e7c14588"
url = "https://github.com/koalaman/shellcheck/releases/download/v0.11.0/shellcheck-v0.11.0.linux.aarch64.tar.xz"

[tools.shellcheck."platforms.linux-x64"]
checksum = "sha256:8c3be12b05d5c177a04c29e3c78ce89ac86f1595681cab149b65b97c4e227198"
url = "https://github.com/koalaman/shellcheck/releases/download/v0.11.0/shellcheck-v0.11.0.linux.x86_64.tar.xz"

[tools.shellcheck."platforms.macos-arm64"]
checksum = "sha256:56affdd8de5527894dca6dc3d7e0a99a873b0f004d7aabc30ae407d3f48b0a79"
url = "https://github.com/koalaman/shellcheck/releases/download/v0.11.0/shellcheck-v0.11.0.darwin.aarch64.tar.xz"

[tools.shellcheck."platforms.macos-x64"]
checksum = "sha256:3c89db4edcab7cf1c27bff178882e0f6f27f7afdf54e859fa041fca10febe4c6"
url = "https://github.com/koalaman/shellcheck/releases/download/v0.11.0/shellcheck-v0.11.0.darwin.x86_64.tar.xz"

[tools.shellcheck."platforms.windows-x64"]
checksum = "sha256:8a4e35ab0b331c85d73567b12f2a444df187f483e5079ceffa6bda1faa2e740e"
url = "https://github.com/koalaman/shellcheck/releases/download/v0.11.0/shellcheck-v0.11.0.zip"

[[tools.usage]]
version = "2.15.1"
backend = "aqua:jdx/usage"

[tools.usage."platforms.linux-arm64"]
checksum = "sha256:ed29b55da771ff17e80c3ab55956da4bcd878163b870810444b4fd359636fe18"
url = "https://github.com/jdx/usage/releases/download/v2.15.1/usage-aarch64-unknown-linux-musl.tar.gz"
url_api = "https://api.github.com/repos/jdx/usage/releases/assets/347202145"

[tools.usage."platforms.linux-x64"]
checksum = "sha256:8b2c0ba6dd2b8af81d464bcdf5101ed75a841d56df9d1cae3b3e01c753c794d5"
url = "https://github.com/jdx/usage/releases/download/v2.15.1/usage-x86_64-unknown-linux-musl.tar.gz"
url_api = "https://api.github.com/repos/jdx/usage/releases/assets/347202102"

[tools.usage."platforms.macos-arm64"]
checksum = "sha256:5a5f5acf65c1c31fec45b12a084c96bfe1ffca66d0b5a8aefbbb83137a413da3"
url = "https://github.com/jdx/usage/releases/download/v2.15.1/usage-universal-apple-darwin.tar.gz"

[tools.usage."platforms.macos-x64"]
checksum = "sha256:5a5f5acf65c1c31fec45b12a084c96bfe1ffca66d0b5a8aefbbb83137a413da3"
url = "https://github.com/jdx/usage/releases/download/v2.15.1/usage-universal-apple-darwin.tar.gz"
url_api = "https://api.github.com/repos/jdx/usage/releases/assets/347203129"

[[tools.uv]]
version = "0.9.30"
backend = "aqua:astral-sh/uv"

[tools.uv."platforms.linux-arm64"]
checksum = "sha256:b658b56957bceea742ca14f3ef28fb3542adbcedfb8bd5bd718ae255394ccd09"
url = "https://github.com/astral-sh/uv/releases/download/0.9.30/uv-aarch64-unknown-linux-musl.tar.gz"
url_api = "https://api.github.com/repos/astral-sh/uv/releases/assets/350792451"
provenance = "github-attestations"

[tools.uv."platforms.linux-x64"]
checksum = "sha256:1caf8fe092e2005dd4c134ba515c1aa3eea3d3c143f8a1903bcb58fcdf169365"
url = "https://github.com/astral-sh/uv/releases/download/0.9.30/uv-x86_64-unknown-linux-musl.tar.gz"
url_api = "https://api.github.com/repos/astral-sh/uv/releases/assets/350792501"
provenance = "github-attestations"

[tools.uv."platforms.macos-arm64"]
checksum = "sha256:03a5d9ec7f7d588446b2ec226d13ff6300055e55365eca8f3fab39f342b0e805"
url = "https://github.com/astral-sh/uv/releases/download/0.9.30/uv-aarch64-apple-darwin.tar.gz"

[tools.uv."platforms.macos-x64"]
checksum = "sha256:ce069bf750567e9a4a31d6e285d1eae75d444d8a281409b641235903943b7681"
url = "https://github.com/astral-sh/uv/releases/download/0.9.30/uv-x86_64-apple-darwin.tar.gz"
url_api = "https://api.github.com/repos/astral-sh/uv/releases/assets/350792488"
provenance = "github-attestations"

[tools.uv."platforms.windows-x64"]
checksum = "sha256:875981be7908295937dee09532bb66d576986d4f223259e171b0c767c885897a"
url = "https://github.com/astral-sh/uv/releases/download/0.9.30/uv-x86_64-pc-windows-msvc.zip"
url_api = "https://api.github.com/repos/astral-sh/uv/releases/assets/350792491"
provenance = "github-attestations"

[[tools.yazi]]
version = "26.5.6"
backend = "aqua:sxyazi/yazi"

[tools.yazi."platforms.linux-arm64"]
checksum = "sha256:dff4a6774069bdde616c3cd145275b462a5887229cd9bf6341e78063da37e84f"
url = "https://github.com/sxyazi/yazi/releases/download/v26.5.6/yazi-aarch64-unknown-linux-musl.zip"

[tools.yazi."platforms.linux-x64"]
checksum = "sha256:1031a02560d053301537195a6661d227c15cb4ce5c30481050b31e2b88681bff"
url = "https://github.com/sxyazi/yazi/releases/download/v26.5.6/yazi-x86_64-unknown-linux-musl.zip"

[tools.yazi."platforms.macos-arm64"]
checksum = "sha256:7abd71725e2fe27bed036becbf6ce79fa17964eb68491d34190011c94b8c7ca8"
url = "https://github.com/sxyazi/yazi/releases/download/v26.5.6/yazi-aarch64-apple-darwin.zip"

[tools.yazi."platforms.macos-x64"]
checksum = "sha256:6846066f992c1688d8ec77431a3ab53f5ef268019fcef86e5649b8c27010868d"
url = "https://github.com/sxyazi/yazi/releases/download/v26.5.6/yazi-x86_64-apple-darwin.zip"

[tools.yazi."platforms.windows-x64"]
checksum = "sha256:6c6c52a4b2648e179f917bdaa7c57e793d18561b380a8bfa025f10cd1b9b2ad1"
url = "https://github.com/sxyazi/yazi/releases/download/v26.5.6/yazi-x86_64-pc-windows-msvc.zip"

[[tools.zoxide]]
version = "0.9.9"
backend = "aqua:ajeetdsouza/zoxide"

[tools.zoxide."platforms.linux-arm64"]
checksum = "sha256:96e6ea2e47a71db42cb7ad5a36e9209c8cb3708f8ae00f6945573d0d93315cb0"
url = "https://github.com/ajeetdsouza/zoxide/releases/download/v0.9.9/zoxide-0.9.9-aarch64-unknown-linux-musl.tar.gz"
url_api = "https://api.github.com/repos/ajeetdsouza/zoxide/releases/assets/348580828"

[tools.zoxide."platforms.linux-x64"]
checksum = "sha256:4ff057d3c4d957946937274c2b8be7af2a9bbae7f90a1b5e9baaa7cb65a20caa"
url = "https://github.com/ajeetdsouza/zoxide/releases/download/v0.9.9/zoxide-0.9.9-x86_64-unknown-linux-musl.tar.gz"
url_api = "https://api.github.com/repos/ajeetdsouza/zoxide/releases/assets/348580823"

[tools.zoxide."platforms.macos-arm64"]
checksum = "sha256:57e733d0436309dae2ed97e46bba43937209395298e1d88812d4e893900cb40a"
url = "https://github.com/ajeetdsouza/zoxide/releases/download/v0.9.9/zoxide-0.9.9-aarch64-apple-darwin.tar.gz"

[tools.zoxide."platforms.macos-x64"]
checksum = "sha256:364249cff18354397c72ebb6b8f7358404c051c486e0f2f7a46e36c86c16f8c7"
url = "https://github.com/ajeetdsouza/zoxide/releases/download/v0.9.9/zoxide-0.9.9-x86_64-apple-darwin.tar.gz"
url_api = "https://api.github.com/repos/ajeetdsouza/zoxide/releases/assets/348580756"

[tools.zoxide."platforms.windows-x64"]
checksum = "sha256:5af00d0916f05631e3030537289eac56605e7c1733318c4d525c8e847f12496d"
url = "https://github.com/ajeetdsouza/zoxide/releases/download/v0.9.9/zoxide-0.9.9-x86_64-pc-windows-msvc.zip"
url_api = "https://api.github.com/repos/ajeetdsouza/zoxide/releases/assets/348580868"
